// !$*UTF8*$!
{
	archiveVersion = 1;
	classes = {
	};
	objectVersion = 46;
	objects = {

/* Begin PBXBuildFile section */
		0F8F016776681D468C0D0949 /* audio.c in Sources */ = {isa = PBXBuildFile; fileRef = 34FC4C582EA5ED68F36013CD /* audio.c */; };
		1CD33E884D9E3358252E82A1 /* ofxToggle.cpp in Sources */ = {isa = PBXBuildFile; fileRef = 907C5B5E104864A2D3A25745 /* ofxToggle.cpp */; };
		21A059755481CC0BF969FD2D /* keep_alive.c in Sources */ = {isa = PBXBuildFile; fileRef = A3528DDFF05B00283552455D /* keep_alive.c */; };
		255A7B680DC81E543C875794 /* usb_libusb10.c in Sources */ = {isa = PBXBuildFile; fileRef = 28F9707464BA3FF98E05096C /* usb_libusb10.c */; };
		483908258D00B98B4BE69F07 /* ofxLabel.cpp in Sources */ = {isa = PBXBuildFile; fileRef = 78D67A00EB899FAC09430597 /* ofxLabel.cpp */; };
		49BEEB2DFA5319D55AA6899F /* tilt.c in Sources */ = {isa = PBXBuildFile; fileRef = BF2F2AA872288D30F53983EF /* tilt.c */; };
		52C77060FBB9307AEFDAE8C6 /* ofxAnimatable.cpp in Sources */ = {isa = PBXBuildFile; fileRef = F7CFEE77982205D3F1496C03 /* ofxAnimatable.cpp */; };
		5CBB2AB3A60F65431D7B555D /* ofxButton.cpp in Sources */ = {isa = PBXBuildFile; fileRef = C88333E71C9457E441C33474 /* ofxButton.cpp */; };
		5D067CF087427621DD1E64B8 /* ofxAnimatableFloat.cpp in Sources */ = {isa = PBXBuildFile; fileRef = 1C9E4AC6CF4626BA74F7E994 /* ofxAnimatableFloat.cpp */; };
		686B0DF6249B52E1A85B39EC /* ofxKinect.cpp in Sources */ = {isa = PBXBuildFile; fileRef = 7ED9FFC7D08DA194C2CE7D09 /* ofxKinect.cpp */; };
		74D31933EE82E12834DB3B06 /* ofxAnimatableOfColor.cpp in Sources */ = {isa = PBXBuildFile; fileRef = 777D89F9EECAC3FE2405D5D1 /* ofxAnimatableOfColor.cpp */; };
		7ADB04AF67C568EAFAEBA546 /* ofxKinectExtras.cpp in Sources */ = {isa = PBXBuildFile; fileRef = 01438542609FC64F1EC60EEB /* ofxKinectExtras.cpp */; };
		837220E80EB56CD44AD27F2A /* ofxSlider.cpp in Sources */ = {isa = PBXBuildFile; fileRef = 15F2C6477A769C03A56D1401 /* ofxSlider.cpp */; };
		856AA354D08AB4B323081444 /* ofxBaseGui.cpp in Sources */ = {isa = PBXBuildFile; fileRef = 9604B925D32EE39065747725 /* ofxBaseGui.cpp */; };
		ACE7DC9A3223ED5EE1B80074 /* cameras.c in Sources */ = {isa = PBXBuildFile; fileRef = 3DBD37876A11E46E4D7069B3 /* cameras.c */; };
		B266578FC55D23BFEBC042E7 /* ofxGuiGroup.cpp in Sources */ = {isa = PBXBuildFile; fileRef = ECF8674C7975F1063C5E30CA /* ofxGuiGroup.cpp */; };
		B56FE57CC35806596D38118C /* ofxSliderGroup.cpp in Sources */ = {isa = PBXBuildFile; fileRef = 802251BAF1B35B1D67B32FD0 /* ofxSliderGroup.cpp */; };
		BC054B7D3B48B395B1D87F2E /* ofxAnimatableOfPoint.cpp in Sources */ = {isa = PBXBuildFile; fileRef = 904CD301F7BB14F91235B2E8 /* ofxAnimatableOfPoint.cpp */; };
		D31F5C1B140C59B2AF1533A8 /* registration.c in Sources */ = {isa = PBXBuildFile; fileRef = 71958293AC5292DE4B7C619D /* registration.c */; };
		E4328149138ABC9F0047C5CB /* openFrameworksDebug.a in Frameworks */ = {isa = PBXBuildFile; fileRef = E4328148138ABC890047C5CB /* openFrameworksDebug.a */; };
		E4B69E200A3A1BDC003C02F2 /* main.cpp in Sources */ = {isa = PBXBuildFile; fileRef = E4B69E1D0A3A1BDC003C02F2 /* main.cpp */; };
		E4B69E210A3A1BDC003C02F2 /* ofApp.cpp in Sources */ = {isa = PBXBuildFile; fileRef = E4B69E1E0A3A1BDC003C02F2 /* ofApp.cpp */; };
		E55DEEF784A10419E444669E /* flags.c in Sources */ = {isa = PBXBuildFile; fileRef = 682082DEC78C75C8FB18B7DB /* flags.c */; };
		E69C0CF61C6BAD0F00817555 /* Expression.cpp in Sources */ = {isa = PBXBuildFile; fileRef = E69C0CD31C6BAD0F00817555 /* Expression.cpp */; };
		E69C0CF71C6BAD0F00817555 /* ExpressionClassifier.cpp in Sources */ = {isa = PBXBuildFile; fileRef = E69C0CD51C6BAD0F00817555 /* ExpressionClassifier.cpp */; };
		E69C0CF81C6BAD0F00817555 /* ofxFaceTracker.cpp in Sources */ = {isa = PBXBuildFile; fileRef = E69C0CD71C6BAD0F00817555 /* ofxFaceTracker.cpp */; };
		E69C0CF91C6BAD0F00817555 /* license.md in Sources */ = {isa = PBXBuildFile; fileRef = E69C0CE61C6BAD0F00817555 /* license.md */; };
		E69C0CFA1C6BAD0F00817555 /* CLM.cc in Sources */ = {isa = PBXBuildFile; fileRef = E69C0CEE1C6BAD0F00817555 /* CLM.cc */; };
		E69C0CFB1C6BAD0F00817555 /* FCheck.cc in Sources */ = {isa = PBXBuildFile; fileRef = E69C0CEF1C6BAD0F00817555 /* FCheck.cc */; };
		E69C0CFC1C6BAD0F00817555 /* FDet.cc in Sources */ = {isa = PBXBuildFile; fileRef = E69C0CF01C6BAD0F00817555 /* FDet.cc */; };
		E69C0CFD1C6BAD0F00817555 /* IO.cc in Sources */ = {isa = PBXBuildFile; fileRef = E69C0CF11C6BAD0F00817555 /* IO.cc */; };
		E69C0CFE1C6BAD0F00817555 /* Patch.cc in Sources */ = {isa = PBXBuildFile; fileRef = E69C0CF21C6BAD0F00817555 /* Patch.cc */; };
		E69C0CFF1C6BAD0F00817555 /* PAW.cc in Sources */ = {isa = PBXBuildFile; fileRef = E69C0CF31C6BAD0F00817555 /* PAW.cc */; };
		E69C0D001C6BAD0F00817555 /* PDM.cc in Sources */ = {isa = PBXBuildFile; fileRef = E69C0CF41C6BAD0F00817555 /* PDM.cc */; };
		E69C0D011C6BAD0F00817555 /* Tracker.cc in Sources */ = {isa = PBXBuildFile; fileRef = E69C0CF51C6BAD0F00817555 /* Tracker.cc */; };
		E69C0D0C1C6CEE9000817555 /* ofxCameraSaveLoad.cpp in Sources */ = {isa = PBXBuildFile; fileRef = E69C0D0A1C6CEE9000817555 /* ofxCameraSaveLoad.cpp */; };
		E69C0D4F1C6F7A1500817555 /* ofxAssimpAnimation.cpp in Sources */ = {isa = PBXBuildFile; fileRef = E69C0D0F1C6F7A1500817555 /* ofxAssimpAnimation.cpp */; };
		E69C0D501C6F7A1500817555 /* ofxAssimpMeshHelper.cpp in Sources */ = {isa = PBXBuildFile; fileRef = E69C0D111C6F7A1500817555 /* ofxAssimpMeshHelper.cpp */; };
		E69C0D511C6F7A1500817555 /* ofxAssimpModelLoader.cpp in Sources */ = {isa = PBXBuildFile; fileRef = E69C0D131C6F7A1500817555 /* ofxAssimpModelLoader.cpp */; };
		E69C0D521C6F7A1500817555 /* ofxAssimpTexture.cpp in Sources */ = {isa = PBXBuildFile; fileRef = E69C0D151C6F7A1500817555 /* ofxAssimpTexture.cpp */; };
		E69C0D531C6F7A1500817555 /* assimp.a in Frameworks */ = {isa = PBXBuildFile; fileRef = E69C0D4C1C6F7A1500817555 /* assimp.a */; };
		E6B49B9A1C7BBCD30069DE70 /* ColorTracker.cpp in Sources */ = {isa = PBXBuildFile; fileRef = E6B49B941C7BBCD30069DE70 /* ColorTracker.cpp */; };
		E6E9EF6C1C69787900F62A98 /* ETF.cpp in Sources */ = {isa = PBXBuildFile; fileRef = E6E9EF4F1C69787900F62A98 /* ETF.cpp */; };
		E6E9EF6D1C69787900F62A98 /* fdog.cpp in Sources */ = {isa = PBXBuildFile; fileRef = E6E9EF501C69787900F62A98 /* fdog.cpp */; };
		E6E9EF6E1C69787900F62A98 /* Calibration.cpp in Sources */ = {isa = PBXBuildFile; fileRef = E6E9EF601C69787900F62A98 /* Calibration.cpp */; };
		E6E9EF6F1C69787900F62A98 /* ContourFinder.cpp in Sources */ = {isa = PBXBuildFile; fileRef = E6E9EF611C69787900F62A98 /* ContourFinder.cpp */; };
		E6E9EF701C69787900F62A98 /* Distance.cpp in Sources */ = {isa = PBXBuildFile; fileRef = E6E9EF621C69787900F62A98 /* Distance.cpp */; };
		E6E9EF711C69787900F62A98 /* Flow.cpp in Sources */ = {isa = PBXBuildFile; fileRef = E6E9EF631C69787900F62A98 /* Flow.cpp */; };
		E6E9EF721C69787900F62A98 /* Helpers.cpp in Sources */ = {isa = PBXBuildFile; fileRef = E6E9EF641C69787900F62A98 /* Helpers.cpp */; };
		E6E9EF731C69787900F62A98 /* Kalman.cpp in Sources */ = {isa = PBXBuildFile; fileRef = E6E9EF651C69787900F62A98 /* Kalman.cpp */; };
		E6E9EF741C69787900F62A98 /* ObjectFinder.cpp in Sources */ = {isa = PBXBuildFile; fileRef = E6E9EF661C69787900F62A98 /* ObjectFinder.cpp */; };
		E6E9EF751C69787900F62A98 /* RunningBackground.cpp in Sources */ = {isa = PBXBuildFile; fileRef = E6E9EF671C69787900F62A98 /* RunningBackground.cpp */; };
		E6E9EF761C69787900F62A98 /* Tracker.cpp in Sources */ = {isa = PBXBuildFile; fileRef = E6E9EF681C69787900F62A98 /* Tracker.cpp */; };
		E6E9EF771C69787900F62A98 /* Utilities.cpp in Sources */ = {isa = PBXBuildFile; fileRef = E6E9EF691C69787900F62A98 /* Utilities.cpp */; };
		E6E9EF781C69787900F62A98 /* Wrappers.cpp in Sources */ = {isa = PBXBuildFile; fileRef = E6E9EF6A1C69787900F62A98 /* Wrappers.cpp */; };
		E6E9EF791C69787900F62A98 /* opencv.a in Frameworks */ = {isa = PBXBuildFile; fileRef = E6E9EF6B1C69787900F62A98 /* opencv.a */; };
		F285EB3169F1566CA3D93C20 /* ofxPanel.cpp in Sources */ = {isa = PBXBuildFile; fileRef = E112B3AEBEA2C091BF2B40AE /* ofxPanel.cpp */; };
		F4135EEFC911E9ED211FB6F9 /* core.c in Sources */ = {isa = PBXBuildFile; fileRef = CF528C0E8DBFF5C31E8D6529 /* core.c */; };
		FCC16AB16073FF0581F50ED7 /* loader.c in Sources */ = {isa = PBXBuildFile; fileRef = FE25F20F363BC625B852BFBC /* loader.c */; };
/* End PBXBuildFile section */

/* Begin PBXContainerItemProxy section */
		E4328147138ABC890047C5CB /* PBXContainerItemProxy */ = {
			isa = PBXContainerItemProxy;
			containerPortal = E4328143138ABC890047C5CB /* openFrameworksLib.xcodeproj */;
			proxyType = 2;
			remoteGlobalIDString = E4B27C1510CBEB8E00536013;
			remoteInfo = openFrameworks;
		};
		E4EEB9AB138B136A00A80321 /* PBXContainerItemProxy */ = {
			isa = PBXContainerItemProxy;
			containerPortal = E4328143138ABC890047C5CB /* openFrameworksLib.xcodeproj */;
			proxyType = 1;
			remoteGlobalIDString = E4B27C1410CBEB8E00536013;
			remoteInfo = openFrameworks;
		};
/* End PBXContainerItemProxy section */

/* Begin PBXCopyFilesBuildPhase section */
		E4C2427710CC5ABF004149E2 /* CopyFiles */ = {
			isa = PBXCopyFilesBuildPhase;
			buildActionMask = 2147483647;
			dstPath = "";
			dstSubfolderSpec = 10;
			files = (
			);
			runOnlyForDeploymentPostprocessing = 0;
		};
/* End PBXCopyFilesBuildPhase section */

/* Begin PBXFileReference section */
		01438542609FC64F1EC60EEB /* ofxKinectExtras.cpp */ = {isa = PBXFileReference; explicitFileType = sourcecode.cpp.cpp; fileEncoding = 30; name = ofxKinectExtras.cpp; path = ../../../addons/ofxKinect/src/extra/ofxKinectExtras.cpp; sourceTree = SOURCE_ROOT; };
		03A9E977F3814A55A4FA3B4E /* ofxKinectExtras.h */ = {isa = PBXFileReference; explicitFileType = sourcecode.c.h; fileEncoding = 30; name = ofxKinectExtras.h; path = ../../../addons/ofxKinect/src/extra/ofxKinectExtras.h; sourceTree = SOURCE_ROOT; };
		093C9EBFCAB5D2649ACF4D0C /* loader.h */ = {isa = PBXFileReference; explicitFileType = sourcecode.c.h; fileEncoding = 30; name = loader.h; path = ../../../addons/ofxKinect/libs/libfreenect/src/loader.h; sourceTree = SOURCE_ROOT; };
		0A1DAC09F322AE313A40706D /* ofxToggle.h */ = {isa = PBXFileReference; explicitFileType = sourcecode.c.h; fileEncoding = 30; name = ofxToggle.h; path = ../../../addons/ofxGui/src/ofxToggle.h; sourceTree = SOURCE_ROOT; };
		15F2C6477A769C03A56D1401 /* ofxSlider.cpp */ = {isa = PBXFileReference; explicitFileType = sourcecode.cpp.cpp; fileEncoding = 30; name = ofxSlider.cpp; path = ../../../addons/ofxGui/src/ofxSlider.cpp; sourceTree = SOURCE_ROOT; };
		17E65988300FBD9AAA2CD0CA /* ofxGui.h */ = {isa = PBXFileReference; explicitFileType = sourcecode.c.h; fileEncoding = 30; name = ofxGui.h; path = ../../../addons/ofxGui/src/ofxGui.h; sourceTree = SOURCE_ROOT; };
		1C0DA2561397A7DE0246858B /* ofxGuiGroup.h */ = {isa = PBXFileReference; explicitFileType = sourcecode.c.h; fileEncoding = 30; name = ofxGuiGroup.h; path = ../../../addons/ofxGui/src/ofxGuiGroup.h; sourceTree = SOURCE_ROOT; };
		1C9E4AC6CF4626BA74F7E994 /* ofxAnimatableFloat.cpp */ = {isa = PBXFileReference; explicitFileType = sourcecode.cpp.cpp; fileEncoding = 30; name = ofxAnimatableFloat.cpp; path = ../../../addons/ofxAnimatable/src/ofxAnimatableFloat.cpp; sourceTree = SOURCE_ROOT; };
		241AAF7769D555E4ECD57E17 /* cameras.h */ = {isa = PBXFileReference; explicitFileType = sourcecode.c.h; fileEncoding = 30; name = cameras.h; path = ../../../addons/ofxKinect/libs/libfreenect/src/cameras.h; sourceTree = SOURCE_ROOT; };
		2834D88A62CD23F3DE2C47D1 /* ofxButton.h */ = {isa = PBXFileReference; explicitFileType = sourcecode.c.h; fileEncoding = 30; name = ofxButton.h; path = ../../../addons/ofxGui/src/ofxButton.h; sourceTree = SOURCE_ROOT; };
		28F9707464BA3FF98E05096C /* usb_libusb10.c */ = {isa = PBXFileReference; explicitFileType = sourcecode.c.c; fileEncoding = 30; name = usb_libusb10.c; path = ../../../addons/ofxKinect/libs/libfreenect/src/usb_libusb10.c; sourceTree = SOURCE_ROOT; };
		3175B69741F3AE805AD3F527 /* keep_alive.h */ = {isa = PBXFileReference; explicitFileType = sourcecode.c.h; fileEncoding = 30; name = keep_alive.h; path = ../../../addons/ofxKinect/libs/libfreenect/src/keep_alive.h; sourceTree = SOURCE_ROOT; };
		34FC4C582EA5ED68F36013CD /* audio.c */ = {isa = PBXFileReference; explicitFileType = sourcecode.c.c; fileEncoding = 30; name = audio.c; path = ../../../addons/ofxKinect/libs/libfreenect/src/audio.c; sourceTree = SOURCE_ROOT; };
		36B9B6CD565C4C6A5BE96680 /* ofxAnimatable.h */ = {isa = PBXFileReference; explicitFileType = sourcecode.c.h; fileEncoding = 30; name = ofxAnimatable.h; path = ../../../addons/ofxAnimatable/src/ofxAnimatable.h; sourceTree = SOURCE_ROOT; };
		3CABCA8EA52D11C95F7A1309 /* registration.h */ = {isa = PBXFileReference; explicitFileType = sourcecode.c.h; fileEncoding = 30; name = registration.h; path = ../../../addons/ofxKinect/libs/libfreenect/src/registration.h; sourceTree = SOURCE_ROOT; };
		3DBD37876A11E46E4D7069B3 /* cameras.c */ = {isa = PBXFileReference; explicitFileType = sourcecode.c.c; fileEncoding = 30; name = cameras.c; path = ../../../addons/ofxKinect/libs/libfreenect/src/cameras.c; sourceTree = SOURCE_ROOT; };
		44EF97BDD915E758777A9A8C /* ofxKinect.h */ = {isa = PBXFileReference; explicitFileType = sourcecode.c.h; fileEncoding = 30; name = ofxKinect.h; path = ../../../addons/ofxKinect/src/ofxKinect.h; sourceTree = SOURCE_ROOT; };
		52AFA1F08C420992CAAAE648 /* ofxSlider.h */ = {isa = PBXFileReference; explicitFileType = sourcecode.c.h; fileEncoding = 30; name = ofxSlider.h; path = ../../../addons/ofxGui/src/ofxSlider.h; sourceTree = SOURCE_ROOT; };
		5A6936A5770BEB310F3826AD /* ofxAnimatableOfColor.h */ = {isa = PBXFileReference; explicitFileType = sourcecode.c.h; fileEncoding = 30; name = ofxAnimatableOfColor.h; path = ../../../addons/ofxAnimatable/src/ofxAnimatableOfColor.h; sourceTree = SOURCE_ROOT; };
		5FCA34E402E9C3A0C48F9FA9 /* ofxAnimatableOfPoint.h */ = {isa = PBXFileReference; explicitFileType = sourcecode.c.h; fileEncoding = 30; name = ofxAnimatableOfPoint.h; path = ../../../addons/ofxAnimatable/src/ofxAnimatableOfPoint.h; sourceTree = SOURCE_ROOT; };
		682082DEC78C75C8FB18B7DB /* flags.c */ = {isa = PBXFileReference; explicitFileType = sourcecode.c.c; fileEncoding = 30; name = flags.c; path = ../../../addons/ofxKinect/libs/libfreenect/src/flags.c; sourceTree = SOURCE_ROOT; };
		6C6A6CF2AD309C3B58922071 /* ofxAnimatableFloat.h */ = {isa = PBXFileReference; explicitFileType = sourcecode.c.h; fileEncoding = 30; name = ofxAnimatableFloat.h; path = ../../../addons/ofxAnimatable/src/ofxAnimatableFloat.h; sourceTree = SOURCE_ROOT; };
		6F930947CA4BCA2665A4F4E8 /* libfreenect_audio.h */ = {isa = PBXFileReference; explicitFileType = sourcecode.c.h; fileEncoding = 30; name = libfreenect_audio.h; path = ../../../addons/ofxKinect/libs/libfreenect/include/libfreenect_audio.h; sourceTree = SOURCE_ROOT; };
		71958293AC5292DE4B7C619D /* registration.c */ = {isa = PBXFileReference; explicitFileType = sourcecode.c.c; fileEncoding = 30; name = registration.c; path = ../../../addons/ofxKinect/libs/libfreenect/src/registration.c; sourceTree = SOURCE_ROOT; };
		777D89F9EECAC3FE2405D5D1 /* ofxAnimatableOfColor.cpp */ = {isa = PBXFileReference; explicitFileType = sourcecode.cpp.cpp; fileEncoding = 30; name = ofxAnimatableOfColor.cpp; path = ../../../addons/ofxAnimatable/src/ofxAnimatableOfColor.cpp; sourceTree = SOURCE_ROOT; };
		78D67A00EB899FAC09430597 /* ofxLabel.cpp */ = {isa = PBXFileReference; explicitFileType = sourcecode.cpp.cpp; fileEncoding = 30; name = ofxLabel.cpp; path = ../../../addons/ofxGui/src/ofxLabel.cpp; sourceTree = SOURCE_ROOT; };
		7ED9FFC7D08DA194C2CE7D09 /* ofxKinect.cpp */ = {isa = PBXFileReference; explicitFileType = sourcecode.cpp.cpp; fileEncoding = 30; name = ofxKinect.cpp; path = ../../../addons/ofxKinect/src/ofxKinect.cpp; sourceTree = SOURCE_ROOT; };
		802251BAF1B35B1D67B32FD0 /* ofxSliderGroup.cpp */ = {isa = PBXFileReference; explicitFileType = sourcecode.cpp.cpp; fileEncoding = 30; name = ofxSliderGroup.cpp; path = ../../../addons/ofxGui/src/ofxSliderGroup.cpp; sourceTree = SOURCE_ROOT; };
		83C70000C4AE60283CC77EB9 /* freenect_internal.h */ = {isa = PBXFileReference; explicitFileType = sourcecode.c.h; fileEncoding = 30; name = freenect_internal.h; path = ../../../addons/ofxKinect/libs/libfreenect/src/freenect_internal.h; sourceTree = SOURCE_ROOT; };
		87F26B4B24CBD428AD9EEBAA /* ofxBaseGui.h */ = {isa = PBXFileReference; explicitFileType = sourcecode.c.h; fileEncoding = 30; name = ofxBaseGui.h; path = ../../../addons/ofxGui/src/ofxBaseGui.h; sourceTree = SOURCE_ROOT; };
		89449E3044D456F7DE7BEA14 /* ofxPanel.h */ = {isa = PBXFileReference; explicitFileType = sourcecode.c.h; fileEncoding = 30; name = ofxPanel.h; path = ../../../addons/ofxGui/src/ofxPanel.h; sourceTree = SOURCE_ROOT; };
		8B25248CC7F2228B1CEF2EB1 /* libusb.h */ = {isa = PBXFileReference; explicitFileType = sourcecode.c.h; fileEncoding = 30; name = libusb.h; path = "../../../addons/ofxKinect/libs/libusb-1.0/include/libusb-1.0/libusb.h"; sourceTree = SOURCE_ROOT; };
		904CD301F7BB14F91235B2E8 /* ofxAnimatableOfPoint.cpp */ = {isa = PBXFileReference; explicitFileType = sourcecode.cpp.cpp; fileEncoding = 30; name = ofxAnimatableOfPoint.cpp; path = ../../../addons/ofxAnimatable/src/ofxAnimatableOfPoint.cpp; sourceTree = SOURCE_ROOT; };
		907C5B5E104864A2D3A25745 /* ofxToggle.cpp */ = {isa = PBXFileReference; explicitFileType = sourcecode.cpp.cpp; fileEncoding = 30; name = ofxToggle.cpp; path = ../../../addons/ofxGui/src/ofxToggle.cpp; sourceTree = SOURCE_ROOT; };
		9604B925D32EE39065747725 /* ofxBaseGui.cpp */ = {isa = PBXFileReference; explicitFileType = sourcecode.cpp.cpp; fileEncoding = 30; name = ofxBaseGui.cpp; path = ../../../addons/ofxGui/src/ofxBaseGui.cpp; sourceTree = SOURCE_ROOT; };
		A3528DDFF05B00283552455D /* keep_alive.c */ = {isa = PBXFileReference; explicitFileType = sourcecode.c.c; fileEncoding = 30; name = keep_alive.c; path = ../../../addons/ofxKinect/libs/libfreenect/src/keep_alive.c; sourceTree = SOURCE_ROOT; };
		B4A0A006318C06E07DDF19D6 /* usb_libusb10.h */ = {isa = PBXFileReference; explicitFileType = sourcecode.c.h; fileEncoding = 30; name = usb_libusb10.h; path = ../../../addons/ofxKinect/libs/libfreenect/src/usb_libusb10.h; sourceTree = SOURCE_ROOT; };
		B87C60311EC1FE841C1ECD89 /* ofxLabel.h */ = {isa = PBXFileReference; explicitFileType = sourcecode.c.h; fileEncoding = 30; name = ofxLabel.h; path = ../../../addons/ofxGui/src/ofxLabel.h; sourceTree = SOURCE_ROOT; };
		B8A2CBF3E24E6E5026B13A90 /* ofxBase3DVideo.h */ = {isa = PBXFileReference; explicitFileType = sourcecode.c.h; fileEncoding = 30; name = ofxBase3DVideo.h; path = ../../../addons/ofxKinect/src/ofxBase3DVideo.h; sourceTree = SOURCE_ROOT; };
		BF2F2AA872288D30F53983EF /* tilt.c */ = {isa = PBXFileReference; explicitFileType = sourcecode.c.c; fileEncoding = 30; name = tilt.c; path = ../../../addons/ofxKinect/libs/libfreenect/src/tilt.c; sourceTree = SOURCE_ROOT; };
		C70D8946940288799E82131E /* ofxSliderGroup.h */ = {isa = PBXFileReference; explicitFileType = sourcecode.c.h; fileEncoding = 30; name = ofxSliderGroup.h; path = ../../../addons/ofxGui/src/ofxSliderGroup.h; sourceTree = SOURCE_ROOT; };
		C88333E71C9457E441C33474 /* ofxButton.cpp */ = {isa = PBXFileReference; explicitFileType = sourcecode.cpp.cpp; fileEncoding = 30; name = ofxButton.cpp; path = ../../../addons/ofxGui/src/ofxButton.cpp; sourceTree = SOURCE_ROOT; };
		CF528C0E8DBFF5C31E8D6529 /* core.c */ = {isa = PBXFileReference; explicitFileType = sourcecode.c.c; fileEncoding = 30; name = core.c; path = ../../../addons/ofxKinect/libs/libfreenect/src/core.c; sourceTree = SOURCE_ROOT; };
		D097EE679E29AD7B5E2CDFCD /* flags.h */ = {isa = PBXFileReference; explicitFileType = sourcecode.c.h; fileEncoding = 30; name = flags.h; path = ../../../addons/ofxKinect/libs/libfreenect/src/flags.h; sourceTree = SOURCE_ROOT; };
		E112B3AEBEA2C091BF2B40AE /* ofxPanel.cpp */ = {isa = PBXFileReference; explicitFileType = sourcecode.cpp.cpp; fileEncoding = 30; name = ofxPanel.cpp; path = ../../../addons/ofxGui/src/ofxPanel.cpp; sourceTree = SOURCE_ROOT; };
		E4328143138ABC890047C5CB /* openFrameworksLib.xcodeproj */ = {isa = PBXFileReference; lastKnownFileType = "wrapper.pb-project"; name = openFrameworksLib.xcodeproj; path = ../../../libs/openFrameworksCompiled/project/osx/openFrameworksLib.xcodeproj; sourceTree = SOURCE_ROOT; };
		E4B69B5B0A3A1756003C02F2 /* HelmetCatcherDebug.app */ = {isa = PBXFileReference; explicitFileType = wrapper.application; includeInIndex = 0; path = HelmetCatcherDebug.app; sourceTree = BUILT_PRODUCTS_DIR; };
		E4B69E1D0A3A1BDC003C02F2 /* main.cpp */ = {isa = PBXFileReference; fileEncoding = 30; lastKnownFileType = sourcecode.cpp.cpp; name = main.cpp; path = src/main.cpp; sourceTree = SOURCE_ROOT; };
		E4B69E1E0A3A1BDC003C02F2 /* ofApp.cpp */ = {isa = PBXFileReference; explicitFileType = sourcecode.cpp.cpp; fileEncoding = 30; name = ofApp.cpp; path = src/ofApp.cpp; sourceTree = SOURCE_ROOT; };
		E4B69E1F0A3A1BDC003C02F2 /* ofApp.h */ = {isa = PBXFileReference; fileEncoding = 30; lastKnownFileType = sourcecode.c.h; name = ofApp.h; path = src/ofApp.h; sourceTree = SOURCE_ROOT; };
		E4B6FCAD0C3E899E008CF71C /* openFrameworks-Info.plist */ = {isa = PBXFileReference; fileEncoding = 30; lastKnownFileType = text.plist.xml; path = "openFrameworks-Info.plist"; sourceTree = "<group>"; };
		E4EB691F138AFCF100A09F29 /* CoreOF.xcconfig */ = {isa = PBXFileReference; fileEncoding = 4; lastKnownFileType = text.xcconfig; name = CoreOF.xcconfig; path = ../../../libs/openFrameworksCompiled/project/osx/CoreOF.xcconfig; sourceTree = SOURCE_ROOT; };
		E4EB6923138AFD0F00A09F29 /* Project.xcconfig */ = {isa = PBXFileReference; fileEncoding = 4; lastKnownFileType = text.xcconfig; path = Project.xcconfig; sourceTree = "<group>"; };
		E5F13FDAE691A5804F4D2DDB /* libfreenect.h */ = {isa = PBXFileReference; explicitFileType = sourcecode.c.h; fileEncoding = 30; name = libfreenect.h; path = ../../../addons/ofxKinect/libs/libfreenect/include/libfreenect.h; sourceTree = SOURCE_ROOT; };
		E6122CD01C8CDB3900AAF30C /* Game.h */ = {isa = PBXFileReference; lastKnownFileType = sourcecode.c.h; path = Game.h; sourceTree = "<group>"; };
		E62884AEE08652DCB3199A54 /* libfreenect_registration.h */ = {isa = PBXFileReference; explicitFileType = sourcecode.c.h; fileEncoding = 30; name = libfreenect_registration.h; path = ../../../addons/ofxKinect/libs/libfreenect/include/libfreenect_registration.h; sourceTree = SOURCE_ROOT; };
		E63D2B641C766C9C007DED53 /* Constants.h */ = {isa = PBXFileReference; lastKnownFileType = sourcecode.c.h; path = Constants.h; sourceTree = "<group>"; };
		E69C0CD31C6BAD0F00817555 /* Expression.cpp */ = {isa = PBXFileReference; lastKnownFileType = sourcecode.cpp.cpp; path = Expression.cpp; sourceTree = "<group>"; };
		E69C0CD41C6BAD0F00817555 /* Expression.h */ = {isa = PBXFileReference; lastKnownFileType = sourcecode.c.h; path = Expression.h; sourceTree = "<group>"; };
		E69C0CD51C6BAD0F00817555 /* ExpressionClassifier.cpp */ = {isa = PBXFileReference; lastKnownFileType = sourcecode.cpp.cpp; path = ExpressionClassifier.cpp; sourceTree = "<group>"; };
		E69C0CD61C6BAD0F00817555 /* ExpressionClassifier.h */ = {isa = PBXFileReference; lastKnownFileType = sourcecode.c.h; path = ExpressionClassifier.h; sourceTree = "<group>"; };
		E69C0CD71C6BAD0F00817555 /* ofxFaceTracker.cpp */ = {isa = PBXFileReference; lastKnownFileType = sourcecode.cpp.cpp; path = ofxFaceTracker.cpp; sourceTree = "<group>"; };
		E69C0CD81C6BAD0F00817555 /* ofxFaceTracker.h */ = {isa = PBXFileReference; lastKnownFileType = sourcecode.c.h; path = ofxFaceTracker.h; sourceTree = "<group>"; };
		E69C0CD91C6BAD0F00817555 /* ofxFaceTrackerThreaded.h */ = {isa = PBXFileReference; lastKnownFileType = sourcecode.c.h; path = ofxFaceTrackerThreaded.h; sourceTree = "<group>"; };
		E69C0CDE1C6BAD0F00817555 /* CLM.h */ = {isa = PBXFileReference; lastKnownFileType = sourcecode.c.h; path = CLM.h; sourceTree = "<group>"; };
		E69C0CDF1C6BAD0F00817555 /* FCheck.h */ = {isa = PBXFileReference; lastKnownFileType = sourcecode.c.h; path = FCheck.h; sourceTree = "<group>"; };
		E69C0CE01C6BAD0F00817555 /* FDet.h */ = {isa = PBXFileReference; lastKnownFileType = sourcecode.c.h; path = FDet.h; sourceTree = "<group>"; };
		E69C0CE11C6BAD0F00817555 /* IO.h */ = {isa = PBXFileReference; lastKnownFileType = sourcecode.c.h; path = IO.h; sourceTree = "<group>"; };
		E69C0CE21C6BAD0F00817555 /* Patch.h */ = {isa = PBXFileReference; lastKnownFileType = sourcecode.c.h; path = Patch.h; sourceTree = "<group>"; };
		E69C0CE31C6BAD0F00817555 /* PAW.h */ = {isa = PBXFileReference; lastKnownFileType = sourcecode.c.h; path = PAW.h; sourceTree = "<group>"; };
		E69C0CE41C6BAD0F00817555 /* PDM.h */ = {isa = PBXFileReference; lastKnownFileType = sourcecode.c.h; path = PDM.h; sourceTree = "<group>"; };
		E69C0CE51C6BAD0F00817555 /* Tracker.h */ = {isa = PBXFileReference; lastKnownFileType = sourcecode.c.h; path = Tracker.h; sourceTree = "<group>"; };
		E69C0CE61C6BAD0F00817555 /* license.md */ = {isa = PBXFileReference; lastKnownFileType = net.daringfireball.markdown; path = license.md; sourceTree = "<group>"; };
		E69C0CE81C6BAD0F00817555 /* face.con */ = {isa = PBXFileReference; lastKnownFileType = text; path = face.con; sourceTree = "<group>"; };
		E69C0CE91C6BAD0F00817555 /* face.tracker */ = {isa = PBXFileReference; lastKnownFileType = text; path = face.tracker; sourceTree = "<group>"; };
		E69C0CEA1C6BAD0F00817555 /* face.tri */ = {isa = PBXFileReference; lastKnownFileType = text; path = face.tri; sourceTree = "<group>"; };
		E69C0CEB1C6BAD0F00817555 /* face2.tracker */ = {isa = PBXFileReference; lastKnownFileType = text; path = face2.tracker; sourceTree = "<group>"; };
		E69C0CEE1C6BAD0F00817555 /* CLM.cc */ = {isa = PBXFileReference; lastKnownFileType = sourcecode.cpp.cpp; path = CLM.cc; sourceTree = "<group>"; };
		E69C0CEF1C6BAD0F00817555 /* FCheck.cc */ = {isa = PBXFileReference; lastKnownFileType = sourcecode.cpp.cpp; path = FCheck.cc; sourceTree = "<group>"; };
		E69C0CF01C6BAD0F00817555 /* FDet.cc */ = {isa = PBXFileReference; lastKnownFileType = sourcecode.cpp.cpp; path = FDet.cc; sourceTree = "<group>"; };
		E69C0CF11C6BAD0F00817555 /* IO.cc */ = {isa = PBXFileReference; lastKnownFileType = sourcecode.cpp.cpp; path = IO.cc; sourceTree = "<group>"; };
		E69C0CF21C6BAD0F00817555 /* Patch.cc */ = {isa = PBXFileReference; lastKnownFileType = sourcecode.cpp.cpp; path = Patch.cc; sourceTree = "<group>"; };
		E69C0CF31C6BAD0F00817555 /* PAW.cc */ = {isa = PBXFileReference; lastKnownFileType = sourcecode.cpp.cpp; path = PAW.cc; sourceTree = "<group>"; };
		E69C0CF41C6BAD0F00817555 /* PDM.cc */ = {isa = PBXFileReference; lastKnownFileType = sourcecode.cpp.cpp; path = PDM.cc; sourceTree = "<group>"; };
		E69C0CF51C6BAD0F00817555 /* Tracker.cc */ = {isa = PBXFileReference; lastKnownFileType = sourcecode.cpp.cpp; path = Tracker.cc; sourceTree = "<group>"; };
		E69C0D0A1C6CEE9000817555 /* ofxCameraSaveLoad.cpp */ = {isa = PBXFileReference; lastKnownFileType = sourcecode.cpp.cpp; path = ofxCameraSaveLoad.cpp; sourceTree = "<group>"; };
		E69C0D0B1C6CEE9000817555 /* ofxCameraSaveLoad.h */ = {isa = PBXFileReference; lastKnownFileType = sourcecode.c.h; path = ofxCameraSaveLoad.h; sourceTree = "<group>"; };
		E69C0D0F1C6F7A1500817555 /* ofxAssimpAnimation.cpp */ = {isa = PBXFileReference; lastKnownFileType = sourcecode.cpp.cpp; path = ofxAssimpAnimation.cpp; sourceTree = "<group>"; };
		E69C0D101C6F7A1500817555 /* ofxAssimpAnimation.h */ = {isa = PBXFileReference; lastKnownFileType = sourcecode.c.h; path = ofxAssimpAnimation.h; sourceTree = "<group>"; };
		E69C0D111C6F7A1500817555 /* ofxAssimpMeshHelper.cpp */ = {isa = PBXFileReference; lastKnownFileType = sourcecode.cpp.cpp; path = ofxAssimpMeshHelper.cpp; sourceTree = "<group>"; };
		E69C0D121C6F7A1500817555 /* ofxAssimpMeshHelper.h */ = {isa = PBXFileReference; lastKnownFileType = sourcecode.c.h; path = ofxAssimpMeshHelper.h; sourceTree = "<group>"; };
		E69C0D131C6F7A1500817555 /* ofxAssimpModelLoader.cpp */ = {isa = PBXFileReference; lastKnownFileType = sourcecode.cpp.cpp; path = ofxAssimpModelLoader.cpp; sourceTree = "<group>"; };
		E69C0D141C6F7A1500817555 /* ofxAssimpModelLoader.h */ = {isa = PBXFileReference; lastKnownFileType = sourcecode.c.h; path = ofxAssimpModelLoader.h; sourceTree = "<group>"; };
		E69C0D151C6F7A1500817555 /* ofxAssimpTexture.cpp */ = {isa = PBXFileReference; lastKnownFileType = sourcecode.cpp.cpp; path = ofxAssimpTexture.cpp; sourceTree = "<group>"; };
		E69C0D161C6F7A1500817555 /* ofxAssimpTexture.h */ = {isa = PBXFileReference; lastKnownFileType = sourcecode.c.h; path = ofxAssimpTexture.h; sourceTree = "<group>"; };
		E69C0D171C6F7A1500817555 /* ofxAssimpUtils.h */ = {isa = PBXFileReference; lastKnownFileType = sourcecode.c.h; path = ofxAssimpUtils.h; sourceTree = "<group>"; };
		E69C0D1C1C6F7A1500817555 /* ai_assert.h */ = {isa = PBXFileReference; lastKnownFileType = sourcecode.c.h; path = ai_assert.h; sourceTree = "<group>"; };
		E69C0D1D1C6F7A1500817555 /* anim.h */ = {isa = PBXFileReference; lastKnownFileType = sourcecode.c.h; path = anim.h; sourceTree = "<group>"; };
		E69C0D1E1C6F7A1500817555 /* camera.h */ = {isa = PBXFileReference; lastKnownFileType = sourcecode.c.h; path = camera.h; sourceTree = "<group>"; };
		E69C0D1F1C6F7A1500817555 /* cexport.h */ = {isa = PBXFileReference; lastKnownFileType = sourcecode.c.h; path = cexport.h; sourceTree = "<group>"; };
		E69C0D201C6F7A1500817555 /* cfileio.h */ = {isa = PBXFileReference; lastKnownFileType = sourcecode.c.h; path = cfileio.h; sourceTree = "<group>"; };
		E69C0D211C6F7A1500817555 /* cimport.h */ = {isa = PBXFileReference; lastKnownFileType = sourcecode.c.h; path = cimport.h; sourceTree = "<group>"; };
		E69C0D221C6F7A1500817555 /* color4.h */ = {isa = PBXFileReference; lastKnownFileType = sourcecode.c.h; path = color4.h; sourceTree = "<group>"; };
		E69C0D231C6F7A1500817555 /* color4.inl */ = {isa = PBXFileReference; lastKnownFileType = text; path = color4.inl; sourceTree = "<group>"; };
		E69C0D251C6F7A1500817555 /* poppack1.h */ = {isa = PBXFileReference; lastKnownFileType = sourcecode.c.h; path = poppack1.h; sourceTree = "<group>"; };
		E69C0D261C6F7A1500817555 /* pstdint.h */ = {isa = PBXFileReference; lastKnownFileType = sourcecode.c.h; path = pstdint.h; sourceTree = "<group>"; };
		E69C0D271C6F7A1500817555 /* pushpack1.h */ = {isa = PBXFileReference; lastKnownFileType = sourcecode.c.h; path = pushpack1.h; sourceTree = "<group>"; };
		E69C0D281C6F7A1500817555 /* config.h */ = {isa = PBXFileReference; lastKnownFileType = sourcecode.c.h; path = config.h; sourceTree = "<group>"; };
		E69C0D291C6F7A1500817555 /* DefaultLogger.hpp */ = {isa = PBXFileReference; lastKnownFileType = sourcecode.cpp.h; path = DefaultLogger.hpp; sourceTree = "<group>"; };
		E69C0D2A1C6F7A1500817555 /* defs.h */ = {isa = PBXFileReference; lastKnownFileType = sourcecode.c.h; path = defs.h; sourceTree = "<group>"; };
		E69C0D2B1C6F7A1500817555 /* Exporter.hpp */ = {isa = PBXFileReference; lastKnownFileType = sourcecode.cpp.h; path = Exporter.hpp; sourceTree = "<group>"; };
		E69C0D2C1C6F7A1500817555 /* Importer.hpp */ = {isa = PBXFileReference; lastKnownFileType = sourcecode.cpp.h; path = Importer.hpp; sourceTree = "<group>"; };
		E69C0D2D1C6F7A1500817555 /* importerdesc.h */ = {isa = PBXFileReference; lastKnownFileType = sourcecode.c.h; path = importerdesc.h; sourceTree = "<group>"; };
		E69C0D2E1C6F7A1500817555 /* IOStream.hpp */ = {isa = PBXFileReference; lastKnownFileType = sourcecode.cpp.h; path = IOStream.hpp; sourceTree = "<group>"; };
		E69C0D2F1C6F7A1500817555 /* IOSystem.hpp */ = {isa = PBXFileReference; lastKnownFileType = sourcecode.cpp.h; path = IOSystem.hpp; sourceTree = "<group>"; };
		E69C0D301C6F7A1500817555 /* light.h */ = {isa = PBXFileReference; lastKnownFileType = sourcecode.c.h; path = light.h; sourceTree = "<group>"; };
		E69C0D311C6F7A1500817555 /* Logger.hpp */ = {isa = PBXFileReference; lastKnownFileType = sourcecode.cpp.h; path = Logger.hpp; sourceTree = "<group>"; };
		E69C0D321C6F7A1500817555 /* LogStream.hpp */ = {isa = PBXFileReference; lastKnownFileType = sourcecode.cpp.h; path = LogStream.hpp; sourceTree = "<group>"; };
		E69C0D331C6F7A1500817555 /* material.h */ = {isa = PBXFileReference; lastKnownFileType = sourcecode.c.h; path = material.h; sourceTree = "<group>"; };
		E69C0D341C6F7A1500817555 /* material.inl */ = {isa = PBXFileReference; lastKnownFileType = text; path = material.inl; sourceTree = "<group>"; };
		E69C0D351C6F7A1500817555 /* matrix3x3.h */ = {isa = PBXFileReference; lastKnownFileType = sourcecode.c.h; path = matrix3x3.h; sourceTree = "<group>"; };
		E69C0D361C6F7A1500817555 /* matrix3x3.inl */ = {isa = PBXFileReference; lastKnownFileType = text; path = matrix3x3.inl; sourceTree = "<group>"; };
		E69C0D371C6F7A1500817555 /* matrix4x4.h */ = {isa = PBXFileReference; lastKnownFileType = sourcecode.c.h; path = matrix4x4.h; sourceTree = "<group>"; };
		E69C0D381C6F7A1500817555 /* matrix4x4.inl */ = {isa = PBXFileReference; lastKnownFileType = text; path = matrix4x4.inl; sourceTree = "<group>"; };
		E69C0D391C6F7A1500817555 /* mesh.h */ = {isa = PBXFileReference; lastKnownFileType = sourcecode.c.h; path = mesh.h; sourceTree = "<group>"; };
		E69C0D3A1C6F7A1500817555 /* metadata.h */ = {isa = PBXFileReference; lastKnownFileType = sourcecode.c.h; path = metadata.h; sourceTree = "<group>"; };
		E69C0D3B1C6F7A1500817555 /* NullLogger.hpp */ = {isa = PBXFileReference; lastKnownFileType = sourcecode.cpp.h; path = NullLogger.hpp; sourceTree = "<group>"; };
		E69C0D3C1C6F7A1500817555 /* postprocess.h */ = {isa = PBXFileReference; lastKnownFileType = sourcecode.c.h; path = postprocess.h; sourceTree = "<group>"; };
		E69C0D3D1C6F7A1500817555 /* ProgressHandler.hpp */ = {isa = PBXFileReference; lastKnownFileType = sourcecode.cpp.h; path = ProgressHandler.hpp; sourceTree = "<group>"; };
		E69C0D3E1C6F7A1500817555 /* quaternion.h */ = {isa = PBXFileReference; lastKnownFileType = sourcecode.c.h; path = quaternion.h; sourceTree = "<group>"; };
		E69C0D3F1C6F7A1500817555 /* quaternion.inl */ = {isa = PBXFileReference; lastKnownFileType = text; path = quaternion.inl; sourceTree = "<group>"; };
		E69C0D401C6F7A1500817555 /* scene.h */ = {isa = PBXFileReference; lastKnownFileType = sourcecode.c.h; path = scene.h; sourceTree = "<group>"; };
		E69C0D411C6F7A1500817555 /* texture.h */ = {isa = PBXFileReference; lastKnownFileType = sourcecode.c.h; path = texture.h; sourceTree = "<group>"; };
		E69C0D421C6F7A1500817555 /* types.h */ = {isa = PBXFileReference; lastKnownFileType = sourcecode.c.h; path = types.h; sourceTree = "<group>"; };
		E69C0D431C6F7A1500817555 /* vector2.h */ = {isa = PBXFileReference; lastKnownFileType = sourcecode.c.h; path = vector2.h; sourceTree = "<group>"; };
		E69C0D441C6F7A1500817555 /* vector2.inl */ = {isa = PBXFileReference; lastKnownFileType = text; path = vector2.inl; sourceTree = "<group>"; };
		E69C0D451C6F7A1500817555 /* vector3.h */ = {isa = PBXFileReference; lastKnownFileType = sourcecode.c.h; path = vector3.h; sourceTree = "<group>"; };
		E69C0D461C6F7A1500817555 /* vector3.inl */ = {isa = PBXFileReference; lastKnownFileType = text; path = vector3.inl; sourceTree = "<group>"; };
		E69C0D471C6F7A1500817555 /* version.h */ = {isa = PBXFileReference; lastKnownFileType = sourcecode.c.h; path = version.h; sourceTree = "<group>"; };
		E69C0D4C1C6F7A1500817555 /* assimp.a */ = {isa = PBXFileReference; lastKnownFileType = archive.ar; path = assimp.a; sourceTree = "<group>"; };
		E69C0D4E1C6F7A1500817555 /* LICENSE */ = {isa = PBXFileReference; lastKnownFileType = text; path = LICENSE; sourceTree = "<group>"; };
		E6B49B941C7BBCD30069DE70 /* ColorTracker.cpp */ = {isa = PBXFileReference; fileEncoding = 4; lastKnownFileType = sourcecode.cpp.cpp; path = ColorTracker.cpp; sourceTree = "<group>"; };
		E6B49B951C7BBCD30069DE70 /* ColorTracker.h */ = {isa = PBXFileReference; fileEncoding = 4; lastKnownFileType = sourcecode.c.h; path = ColorTracker.h; sourceTree = "<group>"; };
		E6E9EF441C69787900F62A98 /* ofxCv.h */ = {isa = PBXFileReference; lastKnownFileType = sourcecode.c.h; path = ofxCv.h; sourceTree = "<group>"; };
		E6E9EF461C69787900F62A98 /* .gitignore */ = {isa = PBXFileReference; lastKnownFileType = text; path = .gitignore; sourceTree = "<group>"; };
		E6E9EF4A1C69787900F62A98 /* ETF.h */ = {isa = PBXFileReference; lastKnownFileType = sourcecode.c.h; path = ETF.h; sourceTree = "<group>"; };
		E6E9EF4B1C69787900F62A98 /* fdog.h */ = {isa = PBXFileReference; lastKnownFileType = sourcecode.c.h; path = fdog.h; sourceTree = "<group>"; };
		E6E9EF4C1C69787900F62A98 /* imatrix.h */ = {isa = PBXFileReference; lastKnownFileType = sourcecode.c.h; path = imatrix.h; sourceTree = "<group>"; };
		E6E9EF4D1C69787900F62A98 /* myvec.h */ = {isa = PBXFileReference; lastKnownFileType = sourcecode.c.h; path = myvec.h; sourceTree = "<group>"; };
		E6E9EF4F1C69787900F62A98 /* ETF.cpp */ = {isa = PBXFileReference; lastKnownFileType = sourcecode.cpp.cpp; path = ETF.cpp; sourceTree = "<group>"; };
		E6E9EF501C69787900F62A98 /* fdog.cpp */ = {isa = PBXFileReference; lastKnownFileType = sourcecode.cpp.cpp; path = fdog.cpp; sourceTree = "<group>"; };
		E6E9EF541C69787900F62A98 /* Calibration.h */ = {isa = PBXFileReference; lastKnownFileType = sourcecode.c.h; path = Calibration.h; sourceTree = "<group>"; };
		E6E9EF551C69787900F62A98 /* ContourFinder.h */ = {isa = PBXFileReference; lastKnownFileType = sourcecode.c.h; path = ContourFinder.h; sourceTree = "<group>"; };
		E6E9EF561C69787900F62A98 /* Distance.h */ = {isa = PBXFileReference; lastKnownFileType = sourcecode.c.h; path = Distance.h; sourceTree = "<group>"; };
		E6E9EF571C69787900F62A98 /* Flow.h */ = {isa = PBXFileReference; lastKnownFileType = sourcecode.c.h; path = Flow.h; sourceTree = "<group>"; };
		E6E9EF581C69787900F62A98 /* Helpers.h */ = {isa = PBXFileReference; lastKnownFileType = sourcecode.c.h; path = Helpers.h; sourceTree = "<group>"; };
		E6E9EF591C69787900F62A98 /* Kalman.h */ = {isa = PBXFileReference; lastKnownFileType = sourcecode.c.h; path = Kalman.h; sourceTree = "<group>"; };
		E6E9EF5A1C69787900F62A98 /* ObjectFinder.h */ = {isa = PBXFileReference; lastKnownFileType = sourcecode.c.h; path = ObjectFinder.h; sourceTree = "<group>"; };
		E6E9EF5B1C69787900F62A98 /* RunningBackground.h */ = {isa = PBXFileReference; lastKnownFileType = sourcecode.c.h; path = RunningBackground.h; sourceTree = "<group>"; };
		E6E9EF5C1C69787900F62A98 /* Tracker.h */ = {isa = PBXFileReference; lastKnownFileType = sourcecode.c.h; path = Tracker.h; sourceTree = "<group>"; };
		E6E9EF5D1C69787900F62A98 /* Utilities.h */ = {isa = PBXFileReference; lastKnownFileType = sourcecode.c.h; path = Utilities.h; sourceTree = "<group>"; };
		E6E9EF5E1C69787900F62A98 /* Wrappers.h */ = {isa = PBXFileReference; lastKnownFileType = sourcecode.c.h; path = Wrappers.h; sourceTree = "<group>"; };
		E6E9EF601C69787900F62A98 /* Calibration.cpp */ = {isa = PBXFileReference; lastKnownFileType = sourcecode.cpp.cpp; path = Calibration.cpp; sourceTree = "<group>"; };
		E6E9EF611C69787900F62A98 /* ContourFinder.cpp */ = {isa = PBXFileReference; lastKnownFileType = sourcecode.cpp.cpp; path = ContourFinder.cpp; sourceTree = "<group>"; };
		E6E9EF621C69787900F62A98 /* Distance.cpp */ = {isa = PBXFileReference; lastKnownFileType = sourcecode.cpp.cpp; path = Distance.cpp; sourceTree = "<group>"; };
		E6E9EF631C69787900F62A98 /* Flow.cpp */ = {isa = PBXFileReference; lastKnownFileType = sourcecode.cpp.cpp; path = Flow.cpp; sourceTree = "<group>"; };
		E6E9EF641C69787900F62A98 /* Helpers.cpp */ = {isa = PBXFileReference; lastKnownFileType = sourcecode.cpp.cpp; path = Helpers.cpp; sourceTree = "<group>"; };
		E6E9EF651C69787900F62A98 /* Kalman.cpp */ = {isa = PBXFileReference; lastKnownFileType = sourcecode.cpp.cpp; path = Kalman.cpp; sourceTree = "<group>"; };
		E6E9EF661C69787900F62A98 /* ObjectFinder.cpp */ = {isa = PBXFileReference; lastKnownFileType = sourcecode.cpp.cpp; path = ObjectFinder.cpp; sourceTree = "<group>"; };
		E6E9EF671C69787900F62A98 /* RunningBackground.cpp */ = {isa = PBXFileReference; lastKnownFileType = sourcecode.cpp.cpp; path = RunningBackground.cpp; sourceTree = "<group>"; };
		E6E9EF681C69787900F62A98 /* Tracker.cpp */ = {isa = PBXFileReference; lastKnownFileType = sourcecode.cpp.cpp; path = Tracker.cpp; sourceTree = "<group>"; };
		E6E9EF691C69787900F62A98 /* Utilities.cpp */ = {isa = PBXFileReference; lastKnownFileType = sourcecode.cpp.cpp; path = Utilities.cpp; sourceTree = "<group>"; };
		E6E9EF6A1C69787900F62A98 /* Wrappers.cpp */ = {isa = PBXFileReference; lastKnownFileType = sourcecode.cpp.cpp; path = Wrappers.cpp; sourceTree = "<group>"; };
		E6E9EF6B1C69787900F62A98 /* opencv.a */ = {isa = PBXFileReference; lastKnownFileType = archive.ar; name = opencv.a; path = ../../../addons/ofxCv/../ofxOpenCv/libs/opencv/lib/osx/opencv.a; sourceTree = "<group>"; };
		E6F7FE741C7EA11400A267F7 /* BaseTracker.h */ = {isa = PBXFileReference; fileEncoding = 4; lastKnownFileType = sourcecode.c.h; path = BaseTracker.h; sourceTree = "<group>"; };
		ECF8674C7975F1063C5E30CA /* ofxGuiGroup.cpp */ = {isa = PBXFileReference; explicitFileType = sourcecode.cpp.cpp; fileEncoding = 30; name = ofxGuiGroup.cpp; path = ../../../addons/ofxGui/src/ofxGuiGroup.cpp; sourceTree = SOURCE_ROOT; };
		F7CFEE77982205D3F1496C03 /* ofxAnimatable.cpp */ = {isa = PBXFileReference; explicitFileType = sourcecode.cpp.cpp; fileEncoding = 30; name = ofxAnimatable.cpp; path = ../../../addons/ofxAnimatable/src/ofxAnimatable.cpp; sourceTree = SOURCE_ROOT; };
		FE25F20F363BC625B852BFBC /* loader.c */ = {isa = PBXFileReference; explicitFileType = sourcecode.c.c; fileEncoding = 30; name = loader.c; path = ../../../addons/ofxKinect/libs/libfreenect/src/loader.c; sourceTree = SOURCE_ROOT; };
/* End PBXFileReference section */

/* Begin PBXFrameworksBuildPhase section */
		E4B69B590A3A1756003C02F2 /* Frameworks */ = {
			isa = PBXFrameworksBuildPhase;
			buildActionMask = 2147483647;
			files = (
				E6E9EF791C69787900F62A98 /* opencv.a in Frameworks */,
				E69C0D531C6F7A1500817555 /* assimp.a in Frameworks */,
				E4328149138ABC9F0047C5CB /* openFrameworksDebug.a in Frameworks */,
			);
			runOnlyForDeploymentPostprocessing = 0;
		};
/* End PBXFrameworksBuildPhase section */

/* Begin PBXGroup section */
		1AE6862ED862CA18468E0CCD /* include */ = {
			isa = PBXGroup;
			children = (
				2C171637C399A50881F147E9 /* libusb-1.0 */,
			);
			name = include;
			sourceTree = "<group>";
		};
		2C171637C399A50881F147E9 /* libusb-1.0 */ = {
			isa = PBXGroup;
			children = (
				8B25248CC7F2228B1CEF2EB1 /* libusb.h */,
			);
			name = "libusb-1.0";
			sourceTree = "<group>";
		};
		32687044708CDA9EDA265387 /* libfreenect */ = {
			isa = PBXGroup;
			children = (
				6DFA2B327764FCDA2A8D882F /* include */,
				ED6E9BDB447DB965EE6F1FA6 /* src */,
			);
			name = libfreenect;
			sourceTree = "<group>";
		};
		480A780D8D0308AE4A368801 /* ofxGui */ = {
			isa = PBXGroup;
			children = (
				A763ED608B35AE3310251DEE /* src */,
			);
			name = ofxGui;
			sourceTree = "<group>";
		};
		65726280742CD54BF368BDB8 /* libusb-1.0 */ = {
			isa = PBXGroup;
			children = (
				1AE6862ED862CA18468E0CCD /* include */,
			);
			name = "libusb-1.0";
			sourceTree = "<group>";
		};
		6948EE371B920CB800B5AC1A /* local_addons */ = {
			isa = PBXGroup;
			children = (
			);
			name = local_addons;
			sourceTree = "<group>";
		};
		6DFA2B327764FCDA2A8D882F /* include */ = {
			isa = PBXGroup;
			children = (
				E5F13FDAE691A5804F4D2DDB /* libfreenect.h */,
				6F930947CA4BCA2665A4F4E8 /* libfreenect_audio.h */,
				E62884AEE08652DCB3199A54 /* libfreenect_registration.h */,
			);
			name = include;
			sourceTree = "<group>";
		};
		6E7134DE536888BE82D56327 /* extra */ = {
			isa = PBXGroup;
			children = (
				01438542609FC64F1EC60EEB /* ofxKinectExtras.cpp */,
				03A9E977F3814A55A4FA3B4E /* ofxKinectExtras.h */,
			);
			name = extra;
			sourceTree = "<group>";
		};
		8D83D7AC476703EBECC1932D /* ofxAnimatable */ = {
			isa = PBXGroup;
			children = (
				B8118C79E563998DA9D23B17 /* src */,
			);
			name = ofxAnimatable;
			sourceTree = "<group>";
		};
		9683228C705CA3FF4F2EA945 /* ofxKinect */ = {
			isa = PBXGroup;
			children = (
				F3D2DB7201EFA9F7958F421E /* src */,
				F4101FC676C210E28DCB3220 /* libs */,
			);
			name = ofxKinect;
			sourceTree = "<group>";
		};
		A763ED608B35AE3310251DEE /* src */ = {
			isa = PBXGroup;
			children = (
				9604B925D32EE39065747725 /* ofxBaseGui.cpp */,
				87F26B4B24CBD428AD9EEBAA /* ofxBaseGui.h */,
				C88333E71C9457E441C33474 /* ofxButton.cpp */,
				2834D88A62CD23F3DE2C47D1 /* ofxButton.h */,
				17E65988300FBD9AAA2CD0CA /* ofxGui.h */,
				ECF8674C7975F1063C5E30CA /* ofxGuiGroup.cpp */,
				1C0DA2561397A7DE0246858B /* ofxGuiGroup.h */,
				78D67A00EB899FAC09430597 /* ofxLabel.cpp */,
				B87C60311EC1FE841C1ECD89 /* ofxLabel.h */,
				E112B3AEBEA2C091BF2B40AE /* ofxPanel.cpp */,
				89449E3044D456F7DE7BEA14 /* ofxPanel.h */,
				15F2C6477A769C03A56D1401 /* ofxSlider.cpp */,
				52AFA1F08C420992CAAAE648 /* ofxSlider.h */,
				802251BAF1B35B1D67B32FD0 /* ofxSliderGroup.cpp */,
				C70D8946940288799E82131E /* ofxSliderGroup.h */,
				907C5B5E104864A2D3A25745 /* ofxToggle.cpp */,
				0A1DAC09F322AE313A40706D /* ofxToggle.h */,
			);
			name = src;
			sourceTree = "<group>";
		};
		B8118C79E563998DA9D23B17 /* src */ = {
			isa = PBXGroup;
			children = (
				F7CFEE77982205D3F1496C03 /* ofxAnimatable.cpp */,
				36B9B6CD565C4C6A5BE96680 /* ofxAnimatable.h */,
				1C9E4AC6CF4626BA74F7E994 /* ofxAnimatableFloat.cpp */,
				6C6A6CF2AD309C3B58922071 /* ofxAnimatableFloat.h */,
				777D89F9EECAC3FE2405D5D1 /* ofxAnimatableOfColor.cpp */,
				5A6936A5770BEB310F3826AD /* ofxAnimatableOfColor.h */,
				904CD301F7BB14F91235B2E8 /* ofxAnimatableOfPoint.cpp */,
				5FCA34E402E9C3A0C48F9FA9 /* ofxAnimatableOfPoint.h */,
			);
			name = src;
			sourceTree = "<group>";
		};
		BB4B014C10F69532006C3DED /* addons */ = {
			isa = PBXGroup;
			children = (
				8D83D7AC476703EBECC1932D /* ofxAnimatable */,
				480A780D8D0308AE4A368801 /* ofxGui */,
				9683228C705CA3FF4F2EA945 /* ofxKinect */,
				E6E9EF421C69787900F62A98 /* ofxCv */,
				E69C0CD11C6BAD0F00817555 /* ofxFaceTracker */,
				E69C0D081C6CEE9000817555 /* ofxCameraSaveLoad */,
				E69C0D0D1C6F7A1500817555 /* ofxAssimpModelLoader */,
			);
			name = addons;
			sourceTree = "<group>";
		};
		E4328144138ABC890047C5CB /* Products */ = {
			isa = PBXGroup;
			children = (
				E4328148138ABC890047C5CB /* openFrameworksDebug.a */,
			);
			name = Products;
			sourceTree = "<group>";
		};
		E4B69B4A0A3A1720003C02F2 = {
			isa = PBXGroup;
			children = (
				E4B6FCAD0C3E899E008CF71C /* openFrameworks-Info.plist */,
				E4EB6923138AFD0F00A09F29 /* Project.xcconfig */,
				E4B69E1C0A3A1BDC003C02F2 /* src */,
				E4EEC9E9138DF44700A80321 /* openFrameworks */,
				BB4B014C10F69532006C3DED /* addons */,
				6948EE371B920CB800B5AC1A /* local_addons */,
				E4B69B5B0A3A1756003C02F2 /* HelmetCatcherDebug.app */,
			);
			sourceTree = "<group>";
		};
		E4B69E1C0A3A1BDC003C02F2 /* src */ = {
			isa = PBXGroup;
			children = (
				E4B69E1D0A3A1BDC003C02F2 /* main.cpp */,
				E4B69E1E0A3A1BDC003C02F2 /* ofApp.cpp */,
				E4B69E1F0A3A1BDC003C02F2 /* ofApp.h */,
				E6122CD01C8CDB3900AAF30C /* Game.h */,
				E63D2B641C766C9C007DED53 /* Constants.h */,
				E6B49B931C7BBCD30069DE70 /* tracker */,
			);
			path = src;
			sourceTree = SOURCE_ROOT;
		};
		E4EEC9E9138DF44700A80321 /* openFrameworks */ = {
			isa = PBXGroup;
			children = (
				E4EB691F138AFCF100A09F29 /* CoreOF.xcconfig */,
				E4328143138ABC890047C5CB /* openFrameworksLib.xcodeproj */,
			);
			name = openFrameworks;
			sourceTree = "<group>";
		};
		E69C0CD11C6BAD0F00817555 /* ofxFaceTracker */ = {
			isa = PBXGroup;
			children = (
				E69C0CD21C6BAD0F00817555 /* src */,
				E69C0CDA1C6BAD0F00817555 /* libs */,
			);
			name = ofxFaceTracker;
			sourceTree = "<group>";
		};
		E69C0CD21C6BAD0F00817555 /* src */ = {
			isa = PBXGroup;
			children = (
				E69C0CD31C6BAD0F00817555 /* Expression.cpp */,
				E69C0CD41C6BAD0F00817555 /* Expression.h */,
				E69C0CD51C6BAD0F00817555 /* ExpressionClassifier.cpp */,
				E69C0CD61C6BAD0F00817555 /* ExpressionClassifier.h */,
				E69C0CD71C6BAD0F00817555 /* ofxFaceTracker.cpp */,
				E69C0CD81C6BAD0F00817555 /* ofxFaceTracker.h */,
				E69C0CD91C6BAD0F00817555 /* ofxFaceTrackerThreaded.h */,
			);
			name = src;
			path = ../../../addons/ofxFaceTracker/src;
			sourceTree = "<group>";
		};
		E69C0CDA1C6BAD0F00817555 /* libs */ = {
			isa = PBXGroup;
			children = (
				E69C0CDB1C6BAD0F00817555 /* FaceTracker */,
			);
			name = libs;
			path = ../../../addons/ofxFaceTracker/libs;
			sourceTree = "<group>";
		};
		E69C0CDB1C6BAD0F00817555 /* FaceTracker */ = {
			isa = PBXGroup;
			children = (
				E69C0CDC1C6BAD0F00817555 /* include */,
				E69C0CE61C6BAD0F00817555 /* license.md */,
				E69C0CE71C6BAD0F00817555 /* model */,
				E69C0CEC1C6BAD0F00817555 /* src */,
			);
			path = FaceTracker;
			sourceTree = "<group>";
		};
		E69C0CDC1C6BAD0F00817555 /* include */ = {
			isa = PBXGroup;
			children = (
				E69C0CDD1C6BAD0F00817555 /* FaceTracker */,
			);
			path = include;
			sourceTree = "<group>";
		};
		E69C0CDD1C6BAD0F00817555 /* FaceTracker */ = {
			isa = PBXGroup;
			children = (
				E69C0CDE1C6BAD0F00817555 /* CLM.h */,
				E69C0CDF1C6BAD0F00817555 /* FCheck.h */,
				E69C0CE01C6BAD0F00817555 /* FDet.h */,
				E69C0CE11C6BAD0F00817555 /* IO.h */,
				E69C0CE21C6BAD0F00817555 /* Patch.h */,
				E69C0CE31C6BAD0F00817555 /* PAW.h */,
				E69C0CE41C6BAD0F00817555 /* PDM.h */,
				E69C0CE51C6BAD0F00817555 /* Tracker.h */,
			);
			path = FaceTracker;
			sourceTree = "<group>";
		};
		E69C0CE71C6BAD0F00817555 /* model */ = {
			isa = PBXGroup;
			children = (
				E69C0CE81C6BAD0F00817555 /* face.con */,
				E69C0CE91C6BAD0F00817555 /* face.tracker */,
				E69C0CEA1C6BAD0F00817555 /* face.tri */,
				E69C0CEB1C6BAD0F00817555 /* face2.tracker */,
			);
			path = model;
			sourceTree = "<group>";
		};
		E69C0CEC1C6BAD0F00817555 /* src */ = {
			isa = PBXGroup;
			children = (
				E69C0CED1C6BAD0F00817555 /* lib */,
			);
			path = src;
			sourceTree = "<group>";
		};
		E69C0CED1C6BAD0F00817555 /* lib */ = {
			isa = PBXGroup;
			children = (
				E69C0CEE1C6BAD0F00817555 /* CLM.cc */,
				E69C0CEF1C6BAD0F00817555 /* FCheck.cc */,
				E69C0CF01C6BAD0F00817555 /* FDet.cc */,
				E69C0CF11C6BAD0F00817555 /* IO.cc */,
				E69C0CF21C6BAD0F00817555 /* Patch.cc */,
				E69C0CF31C6BAD0F00817555 /* PAW.cc */,
				E69C0CF41C6BAD0F00817555 /* PDM.cc */,
				E69C0CF51C6BAD0F00817555 /* Tracker.cc */,
			);
			path = lib;
			sourceTree = "<group>";
		};
		E69C0D081C6CEE9000817555 /* ofxCameraSaveLoad */ = {
			isa = PBXGroup;
			children = (
				E69C0D091C6CEE9000817555 /* src */,
			);
			name = ofxCameraSaveLoad;
			sourceTree = "<group>";
		};
		E69C0D091C6CEE9000817555 /* src */ = {
			isa = PBXGroup;
			children = (
				E69C0D0A1C6CEE9000817555 /* ofxCameraSaveLoad.cpp */,
				E69C0D0B1C6CEE9000817555 /* ofxCameraSaveLoad.h */,
			);
			name = src;
			path = ../../../addons/ofxCameraSaveLoad/src;
			sourceTree = "<group>";
		};
		E69C0D0D1C6F7A1500817555 /* ofxAssimpModelLoader */ = {
			isa = PBXGroup;
			children = (
				E69C0D0E1C6F7A1500817555 /* src */,
				E69C0D181C6F7A1500817555 /* libs */,
			);
			name = ofxAssimpModelLoader;
			sourceTree = "<group>";
		};
		E69C0D0E1C6F7A1500817555 /* src */ = {
			isa = PBXGroup;
			children = (
				E69C0D0F1C6F7A1500817555 /* ofxAssimpAnimation.cpp */,
				E69C0D101C6F7A1500817555 /* ofxAssimpAnimation.h */,
				E69C0D111C6F7A1500817555 /* ofxAssimpMeshHelper.cpp */,
				E69C0D121C6F7A1500817555 /* ofxAssimpMeshHelper.h */,
				E69C0D131C6F7A1500817555 /* ofxAssimpModelLoader.cpp */,
				E69C0D141C6F7A1500817555 /* ofxAssimpModelLoader.h */,
				E69C0D151C6F7A1500817555 /* ofxAssimpTexture.cpp */,
				E69C0D161C6F7A1500817555 /* ofxAssimpTexture.h */,
				E69C0D171C6F7A1500817555 /* ofxAssimpUtils.h */,
			);
			name = src;
			path = ../../../addons/ofxAssimpModelLoader/src;
			sourceTree = "<group>";
		};
		E69C0D181C6F7A1500817555 /* libs */ = {
			isa = PBXGroup;
			children = (
				E69C0D191C6F7A1500817555 /* assimp */,
			);
			name = libs;
			path = ../../../addons/ofxAssimpModelLoader/libs;
			sourceTree = "<group>";
		};
		E69C0D191C6F7A1500817555 /* assimp */ = {
			isa = PBXGroup;
			children = (
				E69C0D1A1C6F7A1500817555 /* include */,
				E69C0D481C6F7A1500817555 /* lib */,
				E69C0D4D1C6F7A1500817555 /* license */,
			);
			path = assimp;
			sourceTree = "<group>";
		};
		E69C0D1A1C6F7A1500817555 /* include */ = {
			isa = PBXGroup;
			children = (
				E69C0D1B1C6F7A1500817555 /* assimp */,
			);
			path = include;
			sourceTree = "<group>";
		};
		E69C0D1B1C6F7A1500817555 /* assimp */ = {
			isa = PBXGroup;
			children = (
				E69C0D1C1C6F7A1500817555 /* ai_assert.h */,
				E69C0D1D1C6F7A1500817555 /* anim.h */,
				E69C0D1E1C6F7A1500817555 /* camera.h */,
				E69C0D1F1C6F7A1500817555 /* cexport.h */,
				E69C0D201C6F7A1500817555 /* cfileio.h */,
				E69C0D211C6F7A1500817555 /* cimport.h */,
				E69C0D221C6F7A1500817555 /* color4.h */,
				E69C0D231C6F7A1500817555 /* color4.inl */,
				E69C0D241C6F7A1500817555 /* Compiler */,
				E69C0D281C6F7A1500817555 /* config.h */,
				E69C0D291C6F7A1500817555 /* DefaultLogger.hpp */,
				E69C0D2A1C6F7A1500817555 /* defs.h */,
				E69C0D2B1C6F7A1500817555 /* Exporter.hpp */,
				E69C0D2C1C6F7A1500817555 /* Importer.hpp */,
				E69C0D2D1C6F7A1500817555 /* importerdesc.h */,
				E69C0D2E1C6F7A1500817555 /* IOStream.hpp */,
				E69C0D2F1C6F7A1500817555 /* IOSystem.hpp */,
				E69C0D301C6F7A1500817555 /* light.h */,
				E69C0D311C6F7A1500817555 /* Logger.hpp */,
				E69C0D321C6F7A1500817555 /* LogStream.hpp */,
				E69C0D331C6F7A1500817555 /* material.h */,
				E69C0D341C6F7A1500817555 /* material.inl */,
				E69C0D351C6F7A1500817555 /* matrix3x3.h */,
				E69C0D361C6F7A1500817555 /* matrix3x3.inl */,
				E69C0D371C6F7A1500817555 /* matrix4x4.h */,
				E69C0D381C6F7A1500817555 /* matrix4x4.inl */,
				E69C0D391C6F7A1500817555 /* mesh.h */,
				E69C0D3A1C6F7A1500817555 /* metadata.h */,
				E69C0D3B1C6F7A1500817555 /* NullLogger.hpp */,
				E69C0D3C1C6F7A1500817555 /* postprocess.h */,
				E69C0D3D1C6F7A1500817555 /* ProgressHandler.hpp */,
				E69C0D3E1C6F7A1500817555 /* quaternion.h */,
				E69C0D3F1C6F7A1500817555 /* quaternion.inl */,
				E69C0D401C6F7A1500817555 /* scene.h */,
				E69C0D411C6F7A1500817555 /* texture.h */,
				E69C0D421C6F7A1500817555 /* types.h */,
				E69C0D431C6F7A1500817555 /* vector2.h */,
				E69C0D441C6F7A1500817555 /* vector2.inl */,
				E69C0D451C6F7A1500817555 /* vector3.h */,
				E69C0D461C6F7A1500817555 /* vector3.inl */,
				E69C0D471C6F7A1500817555 /* version.h */,
			);
			path = assimp;
			sourceTree = "<group>";
		};
		E69C0D241C6F7A1500817555 /* Compiler */ = {
			isa = PBXGroup;
			children = (
				E69C0D251C6F7A1500817555 /* poppack1.h */,
				E69C0D261C6F7A1500817555 /* pstdint.h */,
				E69C0D271C6F7A1500817555 /* pushpack1.h */,
			);
			path = Compiler;
			sourceTree = "<group>";
		};
		E69C0D481C6F7A1500817555 /* lib */ = {
			isa = PBXGroup;
			children = (
				E69C0D4B1C6F7A1500817555 /* osx */,
			);
			path = lib;
			sourceTree = "<group>";
		};
		E69C0D4B1C6F7A1500817555 /* osx */ = {
			isa = PBXGroup;
			children = (
				E69C0D4C1C6F7A1500817555 /* assimp.a */,
			);
			path = osx;
			sourceTree = "<group>";
		};
		E69C0D4D1C6F7A1500817555 /* license */ = {
			isa = PBXGroup;
			children = (
				E69C0D4E1C6F7A1500817555 /* LICENSE */,
			);
			path = license;
			sourceTree = "<group>";
		};
		E6B49B931C7BBCD30069DE70 /* tracker */ = {
			isa = PBXGroup;
			children = (
				E6B49B941C7BBCD30069DE70 /* ColorTracker.cpp */,
				E6B49B951C7BBCD30069DE70 /* ColorTracker.h */,
				E6F7FE741C7EA11400A267F7 /* BaseTracker.h */,
			);
			path = tracker;
			sourceTree = "<group>";
		};
		E6E9EF421C69787900F62A98 /* ofxCv */ = {
			isa = PBXGroup;
			children = (
				E6E9EF431C69787900F62A98 /* src */,
				E6E9EF451C69787900F62A98 /* libs */,
				E6E9EF6B1C69787900F62A98 /* opencv.a */,
			);
			name = ofxCv;
			sourceTree = "<group>";
		};
		E6E9EF431C69787900F62A98 /* src */ = {
			isa = PBXGroup;
			children = (
				E6E9EF441C69787900F62A98 /* ofxCv.h */,
			);
			name = src;
			path = ../../../addons/ofxCv/src;
			sourceTree = "<group>";
		};
		E6E9EF451C69787900F62A98 /* libs */ = {
			isa = PBXGroup;
			children = (
				E6E9EF461C69787900F62A98 /* .gitignore */,
				E6E9EF471C69787900F62A98 /* CLD */,
				E6E9EF511C69787900F62A98 /* ofxCv */,
			);
			name = libs;
			path = ../../../addons/ofxCv/libs;
			sourceTree = "<group>";
		};
		E6E9EF471C69787900F62A98 /* CLD */ = {
			isa = PBXGroup;
			children = (
				E6E9EF481C69787900F62A98 /* include */,
				E6E9EF4E1C69787900F62A98 /* src */,
			);
			path = CLD;
			sourceTree = "<group>";
		};
		E6E9EF481C69787900F62A98 /* include */ = {
			isa = PBXGroup;
			children = (
				E6E9EF491C69787900F62A98 /* CLD */,
			);
			path = include;
			sourceTree = "<group>";
		};
		E6E9EF491C69787900F62A98 /* CLD */ = {
			isa = PBXGroup;
			children = (
				E6E9EF4A1C69787900F62A98 /* ETF.h */,
				E6E9EF4B1C69787900F62A98 /* fdog.h */,
				E6E9EF4C1C69787900F62A98 /* imatrix.h */,
				E6E9EF4D1C69787900F62A98 /* myvec.h */,
			);
			path = CLD;
			sourceTree = "<group>";
		};
		E6E9EF4E1C69787900F62A98 /* src */ = {
			isa = PBXGroup;
			children = (
				E6E9EF4F1C69787900F62A98 /* ETF.cpp */,
				E6E9EF501C69787900F62A98 /* fdog.cpp */,
			);
			path = src;
			sourceTree = "<group>";
		};
		E6E9EF511C69787900F62A98 /* ofxCv */ = {
			isa = PBXGroup;
			children = (
				E6E9EF521C69787900F62A98 /* include */,
				E6E9EF5F1C69787900F62A98 /* src */,
			);
			path = ofxCv;
			sourceTree = "<group>";
		};
		E6E9EF521C69787900F62A98 /* include */ = {
			isa = PBXGroup;
			children = (
				E6E9EF531C69787900F62A98 /* ofxCv */,
			);
			path = include;
			sourceTree = "<group>";
		};
		E6E9EF531C69787900F62A98 /* ofxCv */ = {
			isa = PBXGroup;
			children = (
				E6E9EF541C69787900F62A98 /* Calibration.h */,
				E6E9EF551C69787900F62A98 /* ContourFinder.h */,
				E6E9EF561C69787900F62A98 /* Distance.h */,
				E6E9EF571C69787900F62A98 /* Flow.h */,
				E6E9EF581C69787900F62A98 /* Helpers.h */,
				E6E9EF591C69787900F62A98 /* Kalman.h */,
				E6E9EF5A1C69787900F62A98 /* ObjectFinder.h */,
				E6E9EF5B1C69787900F62A98 /* RunningBackground.h */,
				E6E9EF5C1C69787900F62A98 /* Tracker.h */,
				E6E9EF5D1C69787900F62A98 /* Utilities.h */,
				E6E9EF5E1C69787900F62A98 /* Wrappers.h */,
			);
			path = ofxCv;
			sourceTree = "<group>";
		};
		E6E9EF5F1C69787900F62A98 /* src */ = {
			isa = PBXGroup;
			children = (
				E6E9EF601C69787900F62A98 /* Calibration.cpp */,
				E6E9EF611C69787900F62A98 /* ContourFinder.cpp */,
				E6E9EF621C69787900F62A98 /* Distance.cpp */,
				E6E9EF631C69787900F62A98 /* Flow.cpp */,
				E6E9EF641C69787900F62A98 /* Helpers.cpp */,
				E6E9EF651C69787900F62A98 /* Kalman.cpp */,
				E6E9EF661C69787900F62A98 /* ObjectFinder.cpp */,
				E6E9EF671C69787900F62A98 /* RunningBackground.cpp */,
				E6E9EF681C69787900F62A98 /* Tracker.cpp */,
				E6E9EF691C69787900F62A98 /* Utilities.cpp */,
				E6E9EF6A1C69787900F62A98 /* Wrappers.cpp */,
			);
			path = src;
			sourceTree = "<group>";
		};
		ED6E9BDB447DB965EE6F1FA6 /* src */ = {
			isa = PBXGroup;
			children = (
				34FC4C582EA5ED68F36013CD /* audio.c */,
				3DBD37876A11E46E4D7069B3 /* cameras.c */,
				241AAF7769D555E4ECD57E17 /* cameras.h */,
				CF528C0E8DBFF5C31E8D6529 /* core.c */,
				682082DEC78C75C8FB18B7DB /* flags.c */,
				D097EE679E29AD7B5E2CDFCD /* flags.h */,
				83C70000C4AE60283CC77EB9 /* freenect_internal.h */,
				A3528DDFF05B00283552455D /* keep_alive.c */,
				3175B69741F3AE805AD3F527 /* keep_alive.h */,
				FE25F20F363BC625B852BFBC /* loader.c */,
				093C9EBFCAB5D2649ACF4D0C /* loader.h */,
				71958293AC5292DE4B7C619D /* registration.c */,
				3CABCA8EA52D11C95F7A1309 /* registration.h */,
				BF2F2AA872288D30F53983EF /* tilt.c */,
				28F9707464BA3FF98E05096C /* usb_libusb10.c */,
				B4A0A006318C06E07DDF19D6 /* usb_libusb10.h */,
			);
			name = src;
			sourceTree = "<group>";
		};
		F3D2DB7201EFA9F7958F421E /* src */ = {
			isa = PBXGroup;
			children = (
				6E7134DE536888BE82D56327 /* extra */,
				B8A2CBF3E24E6E5026B13A90 /* ofxBase3DVideo.h */,
				7ED9FFC7D08DA194C2CE7D09 /* ofxKinect.cpp */,
				44EF97BDD915E758777A9A8C /* ofxKinect.h */,
			);
			name = src;
			sourceTree = "<group>";
		};
		F4101FC676C210E28DCB3220 /* libs */ = {
			isa = PBXGroup;
			children = (
				32687044708CDA9EDA265387 /* libfreenect */,
				65726280742CD54BF368BDB8 /* libusb-1.0 */,
			);
			name = libs;
			sourceTree = "<group>";
		};
/* End PBXGroup section */

/* Begin PBXNativeTarget section */
		E4B69B5A0A3A1756003C02F2 /* HelmetCatcher */ = {
			isa = PBXNativeTarget;
			buildConfigurationList = E4B69B5F0A3A1757003C02F2 /* Build configuration list for PBXNativeTarget "HelmetCatcher" */;
			buildPhases = (
				E4B69B580A3A1756003C02F2 /* Sources */,
				E4B69B590A3A1756003C02F2 /* Frameworks */,
				E4B6FFFD0C3F9AB9008CF71C /* ShellScript */,
				E4C2427710CC5ABF004149E2 /* CopyFiles */,
			);
			buildRules = (
			);
			dependencies = (
				E4EEB9AC138B136A00A80321 /* PBXTargetDependency */,
			);
			name = HelmetCatcher;
			productName = myOFApp;
			productReference = E4B69B5B0A3A1756003C02F2 /* HelmetCatcherDebug.app */;
			productType = "com.apple.product-type.application";
		};
/* End PBXNativeTarget section */

/* Begin PBXProject section */
		E4B69B4C0A3A1720003C02F2 /* Project object */ = {
			isa = PBXProject;
			attributes = {
				LastUpgradeCheck = 0720;
			};
			buildConfigurationList = E4B69B4D0A3A1720003C02F2 /* Build configuration list for PBXProject "HelmetCatcher" */;
			compatibilityVersion = "Xcode 3.2";
			developmentRegion = English;
			hasScannedForEncodings = 0;
			knownRegions = (
				English,
				Japanese,
				French,
				German,
			);
			mainGroup = E4B69B4A0A3A1720003C02F2;
			productRefGroup = E4B69B4A0A3A1720003C02F2;
			projectDirPath = "";
			projectReferences = (
				{
					ProductGroup = E4328144138ABC890047C5CB /* Products */;
					ProjectRef = E4328143138ABC890047C5CB /* openFrameworksLib.xcodeproj */;
				},
			);
			projectRoot = "";
			targets = (
				E4B69B5A0A3A1756003C02F2 /* HelmetCatcher */,
			);
		};
/* End PBXProject section */

/* Begin PBXReferenceProxy section */
		E4328148138ABC890047C5CB /* openFrameworksDebug.a */ = {
			isa = PBXReferenceProxy;
			fileType = archive.ar;
			path = openFrameworksDebug.a;
			remoteRef = E4328147138ABC890047C5CB /* PBXContainerItemProxy */;
			sourceTree = BUILT_PRODUCTS_DIR;
		};
/* End PBXReferenceProxy section */

/* Begin PBXShellScriptBuildPhase section */
		E4B6FFFD0C3F9AB9008CF71C /* ShellScript */ = {
			isa = PBXShellScriptBuildPhase;
			buildActionMask = 2147483647;
			files = (
			);
			inputPaths = (
			);
			outputPaths = (
			);
			runOnlyForDeploymentPostprocessing = 0;
			shellPath = /bin/sh;
			shellScript = "rsync -aved ../../../libs/fmodex/lib/osx/libfmodex.dylib \"$TARGET_BUILD_DIR/$PRODUCT_NAME.app/Contents/MacOS/\"; install_name_tool -change ./libfmodex.dylib @executable_path/libfmodex.dylib \"$TARGET_BUILD_DIR/$PRODUCT_NAME.app/Contents/MacOS/$PRODUCT_NAME\";\nmkdir -p \"$TARGET_BUILD_DIR/$PRODUCT_NAME.app/Contents/Resources/\"\nrsync -aved \"$ICON_FILE\" \"$TARGET_BUILD_DIR/$PRODUCT_NAME.app/Contents/Resources/\"\nrsync -aved ../../../libs/glut/lib/osx/GLUT.framework \"$TARGET_BUILD_DIR/$PRODUCT_NAME.app/Contents/Frameworks/\"\n";
		};
/* End PBXShellScriptBuildPhase section */

/* Begin PBXSourcesBuildPhase section */
		E4B69B580A3A1756003C02F2 /* Sources */ = {
			isa = PBXSourcesBuildPhase;
			buildActionMask = 2147483647;
			files = (
				E4B69E200A3A1BDC003C02F2 /* main.cpp in Sources */,
				E6E9EF771C69787900F62A98 /* Utilities.cpp in Sources */,
				E4B69E210A3A1BDC003C02F2 /* ofApp.cpp in Sources */,
				E69C0CFF1C6BAD0F00817555 /* PAW.cc in Sources */,
				E69C0CF81C6BAD0F00817555 /* ofxFaceTracker.cpp in Sources */,
				E6E9EF781C69787900F62A98 /* Wrappers.cpp in Sources */,
				E6E9EF6D1C69787900F62A98 /* fdog.cpp in Sources */,
				E69C0D0C1C6CEE9000817555 /* ofxCameraSaveLoad.cpp in Sources */,
				52C77060FBB9307AEFDAE8C6 /* ofxAnimatable.cpp in Sources */,
				E6E9EF6E1C69787900F62A98 /* Calibration.cpp in Sources */,
				E69C0CFD1C6BAD0F00817555 /* IO.cc in Sources */,
				E69C0CFC1C6BAD0F00817555 /* FDet.cc in Sources */,
				5D067CF087427621DD1E64B8 /* ofxAnimatableFloat.cpp in Sources */,
				E6E9EF6F1C69787900F62A98 /* ContourFinder.cpp in Sources */,
				E69C0CFE1C6BAD0F00817555 /* Patch.cc in Sources */,
				74D31933EE82E12834DB3B06 /* ofxAnimatableOfColor.cpp in Sources */,
				BC054B7D3B48B395B1D87F2E /* ofxAnimatableOfPoint.cpp in Sources */,
				856AA354D08AB4B323081444 /* ofxBaseGui.cpp in Sources */,
				E6E9EF741C69787900F62A98 /* ObjectFinder.cpp in Sources */,
				E6B49B9A1C7BBCD30069DE70 /* ColorTracker.cpp in Sources */,
				5CBB2AB3A60F65431D7B555D /* ofxButton.cpp in Sources */,
				B266578FC55D23BFEBC042E7 /* ofxGuiGroup.cpp in Sources */,
				E69C0CF91C6BAD0F00817555 /* license.md in Sources */,
				E6E9EF6C1C69787900F62A98 /* ETF.cpp in Sources */,
				E6E9EF751C69787900F62A98 /* RunningBackground.cpp in Sources */,
				E69C0D511C6F7A1500817555 /* ofxAssimpModelLoader.cpp in Sources */,
				483908258D00B98B4BE69F07 /* ofxLabel.cpp in Sources */,
				E69C0D001C6BAD0F00817555 /* PDM.cc in Sources */,
				F285EB3169F1566CA3D93C20 /* ofxPanel.cpp in Sources */,
				E69C0CFA1C6BAD0F00817555 /* CLM.cc in Sources */,
				E6E9EF721C69787900F62A98 /* Helpers.cpp in Sources */,
				E6E9EF731C69787900F62A98 /* Kalman.cpp in Sources */,
				837220E80EB56CD44AD27F2A /* ofxSlider.cpp in Sources */,
				E69C0CF61C6BAD0F00817555 /* Expression.cpp in Sources */,
				E69C0D4F1C6F7A1500817555 /* ofxAssimpAnimation.cpp in Sources */,
				E6E9EF701C69787900F62A98 /* Distance.cpp in Sources */,
				E69C0CF71C6BAD0F00817555 /* ExpressionClassifier.cpp in Sources */,
				B56FE57CC35806596D38118C /* ofxSliderGroup.cpp in Sources */,
				1CD33E884D9E3358252E82A1 /* ofxToggle.cpp in Sources */,
				7ADB04AF67C568EAFAEBA546 /* ofxKinectExtras.cpp in Sources */,
				686B0DF6249B52E1A85B39EC /* ofxKinect.cpp in Sources */,
				0F8F016776681D468C0D0949 /* audio.c in Sources */,
				ACE7DC9A3223ED5EE1B80074 /* cameras.c in Sources */,
				E69C0CFB1C6BAD0F00817555 /* FCheck.cc in Sources */,
				E69C0D011C6BAD0F00817555 /* Tracker.cc in Sources */,
				E6E9EF711C69787900F62A98 /* Flow.cpp in Sources */,
				E69C0D501C6F7A1500817555 /* ofxAssimpMeshHelper.cpp in Sources */,
				F4135EEFC911E9ED211FB6F9 /* core.c in Sources */,
				E69C0D521C6F7A1500817555 /* ofxAssimpTexture.cpp in Sources */,
				E55DEEF784A10419E444669E /* flags.c in Sources */,
				21A059755481CC0BF969FD2D /* keep_alive.c in Sources */,
				FCC16AB16073FF0581F50ED7 /* loader.c in Sources */,
				E6E9EF761C69787900F62A98 /* Tracker.cpp in Sources */,
				D31F5C1B140C59B2AF1533A8 /* registration.c in Sources */,
				49BEEB2DFA5319D55AA6899F /* tilt.c in Sources */,
				255A7B680DC81E543C875794 /* usb_libusb10.c in Sources */,
			);
			runOnlyForDeploymentPostprocessing = 0;
		};
/* End PBXSourcesBuildPhase section */

/* Begin PBXTargetDependency section */
		E4EEB9AC138B136A00A80321 /* PBXTargetDependency */ = {
			isa = PBXTargetDependency;
			name = openFrameworks;
			targetProxy = E4EEB9AB138B136A00A80321 /* PBXContainerItemProxy */;
		};
/* End PBXTargetDependency section */

/* Begin XCBuildConfiguration section */
		E4B69B4E0A3A1720003C02F2 /* Debug */ = {
			isa = XCBuildConfiguration;
			baseConfigurationReference = E4EB6923138AFD0F00A09F29 /* Project.xcconfig */;
			buildSettings = {
				CONFIGURATION_BUILD_DIR = "$(SRCROOT)/bin/";
				COPY_PHASE_STRIP = NO;
				DEAD_CODE_STRIPPING = YES;
				ENABLE_TESTABILITY = YES;
				GCC_AUTO_VECTORIZATION = YES;
				GCC_ENABLE_SSE3_EXTENSIONS = YES;
				GCC_ENABLE_SUPPLEMENTAL_SSE3_INSTRUCTIONS = YES;
				GCC_INLINES_ARE_PRIVATE_EXTERN = NO;
				GCC_OPTIMIZATION_LEVEL = 0;
				GCC_SYMBOLS_PRIVATE_EXTERN = NO;
				GCC_WARN_ABOUT_DEPRECATED_FUNCTIONS = YES;
				GCC_WARN_ABOUT_INVALID_OFFSETOF_MACRO = NO;
				GCC_WARN_ALLOW_INCOMPLETE_PROTOCOL = NO;
				GCC_WARN_UNINITIALIZED_AUTOS = NO;
				GCC_WARN_UNUSED_VALUE = NO;
				GCC_WARN_UNUSED_VARIABLE = NO;
				HEADER_SEARCH_PATHS = (
					"$(OF_CORE_HEADERS)",
					src,
					../../../addons/ofxAnimatable/src,
					../../../addons/ofxGui/src,
					../../../addons/ofxKinect/libs,
					../../../addons/ofxKinect/libs/libfreenect,
					../../../addons/ofxKinect/libs/libfreenect/include,
					../../../addons/ofxKinect/libs/libfreenect/platform,
					../../../addons/ofxKinect/libs/libfreenect/src,
					"../../../addons/ofxKinect/libs/libusb-1.0",
					"../../../addons/ofxKinect/libs/libusb-1.0/include",
					"../../../addons/ofxKinect/libs/libusb-1.0/include/libusb-1.0",
					"../../../addons/ofxKinect/libs/libusb-1.0/lib",
					"../../../addons/ofxKinect/libs/libusb-1.0/lib/osx",
					"../../../addons/ofxKinect/libs/libusb-win32",
					../../../addons/ofxKinect/src,
					../../../addons/ofxKinect/src/extra,
					../../../addons/ofxBox2d/libs,
					../../../addons/ofxBox2d/libs/Box2D,
					../../../addons/ofxBox2d/libs/Box2D/Collision,
					../../../addons/ofxBox2d/libs/Box2D/Collision/Shapes,
					../../../addons/ofxBox2d/libs/Box2D/Common,
					../../../addons/ofxBox2d/libs/Box2D/Dynamics,
					../../../addons/ofxBox2d/libs/Box2D/Dynamics/Contacts,
					../../../addons/ofxBox2d/libs/Box2D/Dynamics/Joints,
					../../../addons/ofxBox2d/libs/Box2D/Rope,
					../../../addons/ofxBox2d/libs/triangle,
					../../../addons/ofxBox2d/src,
				);
				MACOSX_DEPLOYMENT_TARGET = 10.8;
				ONLY_ACTIVE_ARCH = YES;
				OTHER_CPLUSPLUSFLAGS = (
					"-D__MACOSX_CORE__",
					"-mtune=native",
				);
				OTHER_LDFLAGS = (
					"$(OF_CORE_FRAMEWORKS)",
					"$(OF_CORE_LIBS)",
					"../../../addons/ofxKinect/libs/libusb-1.0/lib/osx/usb-1.0.a",
				);
				SDKROOT = macosx;
			};
			name = Debug;
		};
		E4B69B4F0A3A1720003C02F2 /* Release */ = {
			isa = XCBuildConfiguration;
			baseConfigurationReference = E4EB6923138AFD0F00A09F29 /* Project.xcconfig */;
			buildSettings = {
				CONFIGURATION_BUILD_DIR = "$(SRCROOT)/bin/";
				COPY_PHASE_STRIP = YES;
				DEAD_CODE_STRIPPING = YES;
				GCC_AUTO_VECTORIZATION = YES;
				GCC_ENABLE_SSE3_EXTENSIONS = YES;
				GCC_ENABLE_SUPPLEMENTAL_SSE3_INSTRUCTIONS = YES;
				GCC_INLINES_ARE_PRIVATE_EXTERN = NO;
				GCC_OPTIMIZATION_LEVEL = 3;
				GCC_SYMBOLS_PRIVATE_EXTERN = NO;
				GCC_UNROLL_LOOPS = YES;
				GCC_WARN_ABOUT_DEPRECATED_FUNCTIONS = YES;
				GCC_WARN_ABOUT_INVALID_OFFSETOF_MACRO = NO;
				GCC_WARN_ALLOW_INCOMPLETE_PROTOCOL = NO;
				GCC_WARN_UNINITIALIZED_AUTOS = NO;
				GCC_WARN_UNUSED_VALUE = NO;
				GCC_WARN_UNUSED_VARIABLE = NO;
				HEADER_SEARCH_PATHS = (
					"$(OF_CORE_HEADERS)",
					src,
					../../../addons/ofxAnimatable/src,
					../../../addons/ofxGui/src,
					../../../addons/ofxKinect/libs,
					../../../addons/ofxKinect/libs/libfreenect,
					../../../addons/ofxKinect/libs/libfreenect/include,
					../../../addons/ofxKinect/libs/libfreenect/platform,
					../../../addons/ofxKinect/libs/libfreenect/src,
					"../../../addons/ofxKinect/libs/libusb-1.0",
					"../../../addons/ofxKinect/libs/libusb-1.0/include",
					"../../../addons/ofxKinect/libs/libusb-1.0/include/libusb-1.0",
					"../../../addons/ofxKinect/libs/libusb-1.0/lib",
					"../../../addons/ofxKinect/libs/libusb-1.0/lib/osx",
					"../../../addons/ofxKinect/libs/libusb-win32",
					../../../addons/ofxKinect/src,
					../../../addons/ofxKinect/src/extra,
					../../../addons/ofxBox2d/libs,
					../../../addons/ofxBox2d/libs/Box2D,
					../../../addons/ofxBox2d/libs/Box2D/Collision,
					../../../addons/ofxBox2d/libs/Box2D/Collision/Shapes,
					../../../addons/ofxBox2d/libs/Box2D/Common,
					../../../addons/ofxBox2d/libs/Box2D/Dynamics,
					../../../addons/ofxBox2d/libs/Box2D/Dynamics/Contacts,
					../../../addons/ofxBox2d/libs/Box2D/Dynamics/Joints,
					../../../addons/ofxBox2d/libs/Box2D/Rope,
					../../../addons/ofxBox2d/libs/triangle,
					../../../addons/ofxBox2d/src,
				);
				MACOSX_DEPLOYMENT_TARGET = 10.8;
				OTHER_CPLUSPLUSFLAGS = (
					"-D__MACOSX_CORE__",
					"-mtune=native",
				);
				OTHER_LDFLAGS = (
					"$(OF_CORE_FRAMEWORKS)",
					"$(OF_CORE_LIBS)",
					"../../../addons/ofxKinect/libs/libusb-1.0/lib/osx/usb-1.0.a",
				);
				SDKROOT = macosx;
			};
			name = Release;
		};
		E4B69B600A3A1757003C02F2 /* Debug */ = {
			isa = XCBuildConfiguration;
			baseConfigurationReference = E4EB6923138AFD0F00A09F29 /* Project.xcconfig */;
			buildSettings = {
				COMBINE_HIDPI_IMAGES = YES;
				COPY_PHASE_STRIP = NO;
				FRAMEWORK_SEARCH_PATHS = (
					"$(inherited)",
					"$(FRAMEWORK_SEARCH_PATHS_QUOTED_FOR_TARGET_1)",
				);
				FRAMEWORK_SEARCH_PATHS_QUOTED_FOR_TARGET_1 = "\"$(SRCROOT)/../../../libs/glut/lib/osx\"";
				GCC_DYNAMIC_NO_PIC = NO;
				GCC_GENERATE_DEBUGGING_SYMBOLS = YES;
				GCC_MODEL_TUNING = NONE;
				HEADER_SEARCH_PATHS = (
					"$(OF_CORE_HEADERS)",
					src,
					../../../addons/ofxAnimatable/src,
					../../../addons/ofxGui/src,
					../../../addons/ofxKinect/libs,
					../../../addons/ofxKinect/libs/libfreenect,
					../../../addons/ofxKinect/libs/libfreenect/include,
					../../../addons/ofxKinect/libs/libfreenect/platform,
					../../../addons/ofxKinect/libs/libfreenect/src,
					"../../../addons/ofxKinect/libs/libusb-1.0",
					"../../../addons/ofxKinect/libs/libusb-1.0/include",
					"../../../addons/ofxKinect/libs/libusb-1.0/include/libusb-1.0",
					"../../../addons/ofxKinect/libs/libusb-1.0/lib",
					"../../../addons/ofxKinect/libs/libusb-1.0/lib/osx",
					"../../../addons/ofxKinect/libs/libusb-win32",
					../../../addons/ofxKinect/src,
					../../../addons/ofxKinect/src/extra,
				);
				ICON = "$(ICON_NAME_DEBUG)";
				ICON_FILE = "$(ICON_FILE_PATH)$(ICON)";
				INFOPLIST_FILE = "openFrameworks-Info.plist";
				INSTALL_PATH = "$(HOME)/Applications";
				LIBRARY_SEARCH_PATHS = "$(inherited)";
				OTHER_LDFLAGS = (
					"$(OF_CORE_FRAMEWORKS)",
					"$(OF_CORE_LIBS)",
					"../../../addons/ofxKinect/libs/libusb-1.0/lib/osx/usb-1.0.a",
				);
				PRODUCT_BUNDLE_IDENTIFIER = cc.openFrameworks.ofapp;
				PRODUCT_NAME = HelmetCatcherDebug;
				USER_HEADER_SEARCH_PATHS = "../../../addons/ofxCv/../ofxOpenCv/libs/opencv/include ../../../addons/ofxCv/libs/ofxCv/include/ ../../../addons/ofxCv/libs/CLD/include/ ../../../addons/ofxFaceTracker/libs/FaceTracker/include/ ../../../addons/ofxAssimpModelLoader/libs/assimp/include/";
				WRAPPER_EXTENSION = app;
			};
			name = Debug;
		};
		E4B69B610A3A1757003C02F2 /* Release */ = {
			isa = XCBuildConfiguration;
			baseConfigurationReference = E4EB6923138AFD0F00A09F29 /* Project.xcconfig */;
			buildSettings = {
				COMBINE_HIDPI_IMAGES = YES;
				COPY_PHASE_STRIP = YES;
				FRAMEWORK_SEARCH_PATHS = (
					"$(inherited)",
					"$(FRAMEWORK_SEARCH_PATHS_QUOTED_FOR_TARGET_1)",
				);
				FRAMEWORK_SEARCH_PATHS_QUOTED_FOR_TARGET_1 = "\"$(SRCROOT)/../../../libs/glut/lib/osx\"";
				GCC_GENERATE_DEBUGGING_SYMBOLS = YES;
				GCC_MODEL_TUNING = NONE;
				HEADER_SEARCH_PATHS = (
					"$(OF_CORE_HEADERS)",
					src,
					../../../addons/ofxAnimatable/src,
					../../../addons/ofxGui/src,
					../../../addons/ofxKinect/libs,
					../../../addons/ofxKinect/libs/libfreenect,
					../../../addons/ofxKinect/libs/libfreenect/include,
					../../../addons/ofxKinect/libs/libfreenect/platform,
					../../../addons/ofxKinect/libs/libfreenect/src,
					"../../../addons/ofxKinect/libs/libusb-1.0",
					"../../../addons/ofxKinect/libs/libusb-1.0/include",
					"../../../addons/ofxKinect/libs/libusb-1.0/include/libusb-1.0",
					"../../../addons/ofxKinect/libs/libusb-1.0/lib",
					"../../../addons/ofxKinect/libs/libusb-1.0/lib/osx",
					"../../../addons/ofxKinect/libs/libusb-win32",
					../../../addons/ofxKinect/src,
					../../../addons/ofxKinect/src/extra,
				);
				ICON = "$(ICON_NAME_RELEASE)";
				ICON_FILE = "$(ICON_FILE_PATH)$(ICON)";
				INFOPLIST_FILE = "openFrameworks-Info.plist";
				INSTALL_PATH = "$(HOME)/Applications";
				LIBRARY_SEARCH_PATHS = "$(inherited)";
				OTHER_LDFLAGS = (
					"$(OF_CORE_FRAMEWORKS)",
					"$(OF_CORE_LIBS)",
					"../../../addons/ofxKinect/libs/libusb-1.0/lib/osx/usb-1.0.a",
				);
				PRODUCT_BUNDLE_IDENTIFIER = cc.openFrameworks.ofapp;
				PRODUCT_NAME = HelmetCatcherDebug;
				USER_HEADER_SEARCH_PATHS = "../../../addons/ofxCv/../ofxOpenCv/libs/opencv/include ../../../addons/ofxCv/libs/ofxCv/include/ ../../../addons/ofxCv/libs/CLD/include/ ../../../addons/ofxFaceTracker/libs/FaceTracker/include/ ../../../addons/ofxAssimpModelLoader/libs/assimp/include/";
				WRAPPER_EXTENSION = app;
				baseConfigurationReference = E4EB6923138AFD0F00A09F29;
			};
			name = Release;
		};
/* End XCBuildConfiguration section */

/* Begin XCConfigurationList section */
		E4B69B4D0A3A1720003C02F2 /* Build configuration list for PBXProject "HelmetCatcher" */ = {
			isa = XCConfigurationList;
			buildConfigurations = (
				E4B69B4E0A3A1720003C02F2 /* Debug */,
				E4B69B4F0A3A1720003C02F2 /* Release */,
			);
			defaultConfigurationIsVisible = 0;
			defaultConfigurationName = Release;
		};
		E4B69B5F0A3A1757003C02F2 /* Build configuration list for PBXNativeTarget "HelmetCatcher" */ = {
			isa = XCConfigurationList;
			buildConfigurations = (
				E4B69B600A3A1757003C02F2 /* Debug */,
				E4B69B610A3A1757003C02F2 /* Release */,
			);
			defaultConfigurationIsVisible = 0;
			defaultConfigurationName = Release;
		};
/* End XCConfigurationList section */
	};
	rootObject = E4B69B4C0A3A1720003C02F2 /* Project object */;
}
